// !$*UTF8*$!
{
	archiveVersion = 1;
	classes = {
	};
	objectVersion = 56;
	objects = {

/* Begin PBXBuildFile section */
		876483192952366A00F74882 /* Constant.swift in Sources */ = {isa = PBXBuildFile; fileRef = 876483182952366A00F74882 /* Constant.swift */; };
		8764831B2952367400F74882 /* UIViewController+.swift in Sources */ = {isa = PBXBuildFile; fileRef = 8764831A2952367400F74882 /* UIViewController+.swift */; };
		8764831D2952368100F74882 /* UIView+.swift in Sources */ = {isa = PBXBuildFile; fileRef = 8764831C2952368100F74882 /* UIView+.swift */; };
		8764831F2952368800F74882 /* UITableViewCell+.swift in Sources */ = {isa = PBXBuildFile; fileRef = 8764831E2952368800F74882 /* UITableViewCell+.swift */; };
		876483212952369500F74882 /* UICollectionViewCell+.swift in Sources */ = {isa = PBXBuildFile; fileRef = 876483202952369500F74882 /* UICollectionViewCell+.swift */; };
		87648323295236B700F74882 /* UIColor+.swift in Sources */ = {isa = PBXBuildFile; fileRef = 87648322295236B700F74882 /* UIColor+.swift */; };
		87648325295236BE00F74882 /* UIFont+.swift in Sources */ = {isa = PBXBuildFile; fileRef = 87648324295236BE00F74882 /* UIFont+.swift */; };
		876483272952370F00F74882 /* UIStackView+.swift in Sources */ = {isa = PBXBuildFile; fileRef = 876483262952370F00F74882 /* UIStackView+.swift */; };
		87648329295237B500F74882 /* Adjusted+.swift in Sources */ = {isa = PBXBuildFile; fileRef = 87648328295237B500F74882 /* Adjusted+.swift */; };
		8764832B295238EB00F74882 /* UITextField+.swift in Sources */ = {isa = PBXBuildFile; fileRef = 8764832A295238EB00F74882 /* UITextField+.swift */; };
		87B6624129521E7500B6FFA9 /* AppDelegate.swift in Sources */ = {isa = PBXBuildFile; fileRef = 87B6624029521E7500B6FFA9 /* AppDelegate.swift */; };
		87B6624329521E7500B6FFA9 /* SceneDelegate.swift in Sources */ = {isa = PBXBuildFile; fileRef = 87B6624229521E7500B6FFA9 /* SceneDelegate.swift */; };
		87B6624529521E7500B6FFA9 /* ViewController.swift in Sources */ = {isa = PBXBuildFile; fileRef = 87B6624429521E7500B6FFA9 /* ViewController.swift */; };
		87B6624A29521E7600B6FFA9 /* Assets.xcassets in Resources */ = {isa = PBXBuildFile; fileRef = 87B6624929521E7600B6FFA9 /* Assets.xcassets */; };
		87B6624D29521E7600B6FFA9 /* LaunchScreen.storyboard in Resources */ = {isa = PBXBuildFile; fileRef = 87B6624B29521E7600B6FFA9 /* LaunchScreen.storyboard */; };
/* End PBXBuildFile section */

/* Begin PBXFileReference section */
		876483182952366A00F74882 /* Constant.swift */ = {isa = PBXFileReference; lastKnownFileType = sourcecode.swift; path = Constant.swift; sourceTree = "<group>"; };
		8764831A2952367400F74882 /* UIViewController+.swift */ = {isa = PBXFileReference; lastKnownFileType = sourcecode.swift; path = "UIViewController+.swift"; sourceTree = "<group>"; };
		8764831C2952368100F74882 /* UIView+.swift */ = {isa = PBXFileReference; lastKnownFileType = sourcecode.swift; path = "UIView+.swift"; sourceTree = "<group>"; };
		8764831E2952368800F74882 /* UITableViewCell+.swift */ = {isa = PBXFileReference; lastKnownFileType = sourcecode.swift; path = "UITableViewCell+.swift"; sourceTree = "<group>"; };
		876483202952369500F74882 /* UICollectionViewCell+.swift */ = {isa = PBXFileReference; lastKnownFileType = sourcecode.swift; path = "UICollectionViewCell+.swift"; sourceTree = "<group>"; };
		87648322295236B700F74882 /* UIColor+.swift */ = {isa = PBXFileReference; lastKnownFileType = sourcecode.swift; path = "UIColor+.swift"; sourceTree = "<group>"; };
		87648324295236BE00F74882 /* UIFont+.swift */ = {isa = PBXFileReference; lastKnownFileType = sourcecode.swift; path = "UIFont+.swift"; sourceTree = "<group>"; };
		876483262952370F00F74882 /* UIStackView+.swift */ = {isa = PBXFileReference; lastKnownFileType = sourcecode.swift; path = "UIStackView+.swift"; sourceTree = "<group>"; };
		87648328295237B500F74882 /* Adjusted+.swift */ = {isa = PBXFileReference; lastKnownFileType = sourcecode.swift; path = "Adjusted+.swift"; sourceTree = "<group>"; };
		8764832A295238EB00F74882 /* UITextField+.swift */ = {isa = PBXFileReference; lastKnownFileType = sourcecode.swift; path = "UITextField+.swift"; sourceTree = "<group>"; };
		87B6623D29521E7500B6FFA9 /* ZOOC.app */ = {isa = PBXFileReference; explicitFileType = wrapper.application; includeInIndex = 0; path = ZOOC.app; sourceTree = BUILT_PRODUCTS_DIR; };
		87B6624029521E7500B6FFA9 /* AppDelegate.swift */ = {isa = PBXFileReference; lastKnownFileType = sourcecode.swift; path = AppDelegate.swift; sourceTree = "<group>"; };
		87B6624229521E7500B6FFA9 /* SceneDelegate.swift */ = {isa = PBXFileReference; lastKnownFileType = sourcecode.swift; path = SceneDelegate.swift; sourceTree = "<group>"; };
		87B6624429521E7500B6FFA9 /* ViewController.swift */ = {isa = PBXFileReference; lastKnownFileType = sourcecode.swift; path = ViewController.swift; sourceTree = "<group>"; };
		87B6624929521E7600B6FFA9 /* Assets.xcassets */ = {isa = PBXFileReference; lastKnownFileType = folder.assetcatalog; path = Assets.xcassets; sourceTree = "<group>"; };
		87B6624C29521E7600B6FFA9 /* Base */ = {isa = PBXFileReference; lastKnownFileType = file.storyboard; name = Base; path = Base.lproj/LaunchScreen.storyboard; sourceTree = "<group>"; };
		87B6624E29521E7600B6FFA9 /* Info.plist */ = {isa = PBXFileReference; lastKnownFileType = text.plist.xml; path = Info.plist; sourceTree = "<group>"; };
/* End PBXFileReference section */

/* Begin PBXFrameworksBuildPhase section */
		87B6623A29521E7500B6FFA9 /* Frameworks */ = {
			isa = PBXFrameworksBuildPhase;
			buildActionMask = 2147483647;
			files = (
			);
			runOnlyForDeploymentPostprocessing = 0;
		};
/* End PBXFrameworksBuildPhase section */

/* Begin PBXGroup section */
		87648315295234C100F74882 /* Extension */ = {
			isa = PBXGroup;
			children = (
				8764831C2952368100F74882 /* UIView+.swift */,
				8764831A2952367400F74882 /* UIViewController+.swift */,
				8764831E2952368800F74882 /* UITableViewCell+.swift */,
				876483202952369500F74882 /* UICollectionViewCell+.swift */,
				876483262952370F00F74882 /* UIStackView+.swift */,
				8764832A295238EB00F74882 /* UITextField+.swift */,
				87648328295237B500F74882 /* Adjusted+.swift */,
				87648324295236BE00F74882 /* UIFont+.swift */,
				87648322295236B700F74882 /* UIColor+.swift */,
			);
			path = Extension;
			sourceTree = "<group>";
		};
		876483162952351500F74882 /* Global */ = {
			isa = PBXGroup;
			children = (
				876483172952355A00F74882 /* Constant */,
				87648315295234C100F74882 /* Extension */,
			);
			path = Global;
			sourceTree = "<group>";
		};
		876483172952355A00F74882 /* Constant */ = {
			isa = PBXGroup;
			children = (
				876483182952366A00F74882 /* Constant.swift */,
			);
			path = Constant;
			sourceTree = "<group>";
		};
		87B6623429521E7500B6FFA9 = {
			isa = PBXGroup;
			children = (
				87B6623F29521E7500B6FFA9 /* ZOOC */,
				87B6623E29521E7500B6FFA9 /* Products */,
			);
			sourceTree = "<group>";
		};
		87B6623E29521E7500B6FFA9 /* Products */ = {
			isa = PBXGroup;
			children = (
				87B6623D29521E7500B6FFA9 /* ZOOC.app */,
			);
			name = Products;
			sourceTree = "<group>";
		};
		87B6623F29521E7500B6FFA9 /* ZOOC */ = {
			isa = PBXGroup;
			children = (
				87B6625429521EAC00B6FFA9 /* Application */,
				876483162952351500F74882 /* Global */,
				87B6625629521EBC00B6FFA9 /* Resource */,
				87B6625829521EC900B6FFA9 /* Network */,
				87B6625729521EC200B6FFA9 /* Data */,
				87B6625529521EB400B6FFA9 /* Presentation */,
			);
			path = ZOOC;
			sourceTree = "<group>";
		};
		87B6625429521EAC00B6FFA9 /* Application */ = {
			isa = PBXGroup;
			children = (
				87B6624029521E7500B6FFA9 /* AppDelegate.swift */,
				87B6624229521E7500B6FFA9 /* SceneDelegate.swift */,
				87B6624E29521E7600B6FFA9 /* Info.plist */,
			);
			path = Application;
			sourceTree = "<group>";
		};
		87B6625529521EB400B6FFA9 /* Presentation */ = {
			isa = PBXGroup;
			children = (
				87B6624429521E7500B6FFA9 /* ViewController.swift */,
			);
			path = Presentation;
			sourceTree = "<group>";
		};
		87B6625629521EBC00B6FFA9 /* Resource */ = {
			isa = PBXGroup;
			children = (
				87B6624929521E7600B6FFA9 /* Assets.xcassets */,
				87B6624B29521E7600B6FFA9 /* LaunchScreen.storyboard */,
				87B6625A29521F0400B6FFA9 /* Lottie */,
				87B6625929521EFF00B6FFA9 /* Font */,
			);
			path = Resource;
			sourceTree = "<group>";
		};
		87B6625729521EC200B6FFA9 /* Data */ = {
			isa = PBXGroup;
			children = (
			);
			path = Data;
			sourceTree = "<group>";
		};
		87B6625829521EC900B6FFA9 /* Network */ = {
			isa = PBXGroup;
			children = (
			);
			path = Network;
			sourceTree = "<group>";
		};
		87B6625929521EFF00B6FFA9 /* Font */ = {
			isa = PBXGroup;
			children = (
			);
			path = Font;
			sourceTree = "<group>";
		};
		87B6625A29521F0400B6FFA9 /* Lottie */ = {
			isa = PBXGroup;
			children = (
			);
			path = Lottie;
			sourceTree = "<group>";
		};
/* End PBXGroup section */

/* Begin PBXNativeTarget section */
		87B6623C29521E7500B6FFA9 /* ZOOC */ = {
			isa = PBXNativeTarget;
			buildConfigurationList = 87B6625129521E7600B6FFA9 /* Build configuration list for PBXNativeTarget "ZOOC" */;
			buildPhases = (
				87B6623929521E7500B6FFA9 /* Sources */,
				87B6623A29521E7500B6FFA9 /* Frameworks */,
				87B6623B29521E7500B6FFA9 /* Resources */,
			);
			buildRules = (
			);
			dependencies = (
			);
			name = ZOOC;
			productName = ZOOC;
			productReference = 87B6623D29521E7500B6FFA9 /* ZOOC.app */;
			productType = "com.apple.product-type.application";
		};
/* End PBXNativeTarget section */

/* Begin PBXProject section */
		87B6623529521E7500B6FFA9 /* Project object */ = {
			isa = PBXProject;
			attributes = {
				BuildIndependentTargetsInParallel = 1;
				LastSwiftUpdateCheck = 1410;
				LastUpgradeCheck = 1410;
				TargetAttributes = {
					87B6623C29521E7500B6FFA9 = {
						CreatedOnToolsVersion = 14.1;
					};
				};
			};
			buildConfigurationList = 87B6623829521E7500B6FFA9 /* Build configuration list for PBXProject "ZOOC" */;
			compatibilityVersion = "Xcode 14.0";
			developmentRegion = en;
			hasScannedForEncodings = 0;
			knownRegions = (
				en,
				Base,
			);
			mainGroup = 87B6623429521E7500B6FFA9;
			productRefGroup = 87B6623E29521E7500B6FFA9 /* Products */;
			projectDirPath = "";
			projectRoot = "";
			targets = (
				87B6623C29521E7500B6FFA9 /* ZOOC */,
			);
		};
/* End PBXProject section */

/* Begin PBXResourcesBuildPhase section */
		87B6623B29521E7500B6FFA9 /* Resources */ = {
			isa = PBXResourcesBuildPhase;
			buildActionMask = 2147483647;
			files = (
				87B6624D29521E7600B6FFA9 /* LaunchScreen.storyboard in Resources */,
				87B6624A29521E7600B6FFA9 /* Assets.xcassets in Resources */,
			);
			runOnlyForDeploymentPostprocessing = 0;
		};
/* End PBXResourcesBuildPhase section */

/* Begin PBXSourcesBuildPhase section */
		87B6623929521E7500B6FFA9 /* Sources */ = {
			isa = PBXSourcesBuildPhase;
			buildActionMask = 2147483647;
			files = (
				8764831D2952368100F74882 /* UIView+.swift in Sources */,
				8764832B295238EB00F74882 /* UITextField+.swift in Sources */,
				87B6624529521E7500B6FFA9 /* ViewController.swift in Sources */,
				87648325295236BE00F74882 /* UIFont+.swift in Sources */,
				876483212952369500F74882 /* UICollectionViewCell+.swift in Sources */,
				87B6624129521E7500B6FFA9 /* AppDelegate.swift in Sources */,
				87648329295237B500F74882 /* Adjusted+.swift in Sources */,
				8764831B2952367400F74882 /* UIViewController+.swift in Sources */,
				87B6624329521E7500B6FFA9 /* SceneDelegate.swift in Sources */,
				8764831F2952368800F74882 /* UITableViewCell+.swift in Sources */,
				876483272952370F00F74882 /* UIStackView+.swift in Sources */,
				876483192952366A00F74882 /* Constant.swift in Sources */,
				87648323295236B700F74882 /* UIColor+.swift in Sources */,
			);
			runOnlyForDeploymentPostprocessing = 0;
		};
/* End PBXSourcesBuildPhase section */

/* Begin PBXVariantGroup section */
		87B6624B29521E7600B6FFA9 /* LaunchScreen.storyboard */ = {
			isa = PBXVariantGroup;
			children = (
				87B6624C29521E7600B6FFA9 /* Base */,
			);
			name = LaunchScreen.storyboard;
			sourceTree = "<group>";
		};
/* End PBXVariantGroup section */

/* Begin XCBuildConfiguration section */
		87B6624F29521E7600B6FFA9 /* Debug */ = {
			isa = XCBuildConfiguration;
			buildSettings = {
				ALWAYS_SEARCH_USER_PATHS = NO;
				CLANG_ANALYZER_NONNULL = YES;
				CLANG_ANALYZER_NUMBER_OBJECT_CONVERSION = YES_AGGRESSIVE;
				CLANG_CXX_LANGUAGE_STANDARD = "gnu++20";
				CLANG_ENABLE_MODULES = YES;
				CLANG_ENABLE_OBJC_ARC = YES;
				CLANG_ENABLE_OBJC_WEAK = YES;
				CLANG_WARN_BLOCK_CAPTURE_AUTORELEASING = YES;
				CLANG_WARN_BOOL_CONVERSION = YES;
				CLANG_WARN_COMMA = YES;
				CLANG_WARN_CONSTANT_CONVERSION = YES;
				CLANG_WARN_DEPRECATED_OBJC_IMPLEMENTATIONS = YES;
				CLANG_WARN_DIRECT_OBJC_ISA_USAGE = YES_ERROR;
				CLANG_WARN_DOCUMENTATION_COMMENTS = YES;
				CLANG_WARN_EMPTY_BODY = YES;
				CLANG_WARN_ENUM_CONVERSION = YES;
				CLANG_WARN_INFINITE_RECURSION = YES;
				CLANG_WARN_INT_CONVERSION = YES;
				CLANG_WARN_NON_LITERAL_NULL_CONVERSION = YES;
				CLANG_WARN_OBJC_IMPLICIT_RETAIN_SELF = YES;
				CLANG_WARN_OBJC_LITERAL_CONVERSION = YES;
				CLANG_WARN_OBJC_ROOT_CLASS = YES_ERROR;
				CLANG_WARN_QUOTED_INCLUDE_IN_FRAMEWORK_HEADER = YES;
				CLANG_WARN_RANGE_LOOP_ANALYSIS = YES;
				CLANG_WARN_STRICT_PROTOTYPES = YES;
				CLANG_WARN_SUSPICIOUS_MOVE = YES;
				CLANG_WARN_UNGUARDED_AVAILABILITY = YES_AGGRESSIVE;
				CLANG_WARN_UNREACHABLE_CODE = YES;
				CLANG_WARN__DUPLICATE_METHOD_MATCH = YES;
				COPY_PHASE_STRIP = NO;
				DEBUG_INFORMATION_FORMAT = dwarf;
				ENABLE_STRICT_OBJC_MSGSEND = YES;
				ENABLE_TESTABILITY = YES;
				GCC_C_LANGUAGE_STANDARD = gnu11;
				GCC_DYNAMIC_NO_PIC = NO;
				GCC_NO_COMMON_BLOCKS = YES;
				GCC_OPTIMIZATION_LEVEL = 0;
				GCC_PREPROCESSOR_DEFINITIONS = (
					"DEBUG=1",
					"$(inherited)",
				);
				GCC_WARN_64_TO_32_BIT_CONVERSION = YES;
				GCC_WARN_ABOUT_RETURN_TYPE = YES_ERROR;
				GCC_WARN_UNDECLARED_SELECTOR = YES;
				GCC_WARN_UNINITIALIZED_AUTOS = YES_AGGRESSIVE;
				GCC_WARN_UNUSED_FUNCTION = YES;
				GCC_WARN_UNUSED_VARIABLE = YES;
				IPHONEOS_DEPLOYMENT_TARGET = 16.1;
				MTL_ENABLE_DEBUG_INFO = INCLUDE_SOURCE;
				MTL_FAST_MATH = YES;
				ONLY_ACTIVE_ARCH = YES;
				SDKROOT = iphoneos;
				SWIFT_ACTIVE_COMPILATION_CONDITIONS = DEBUG;
				SWIFT_OPTIMIZATION_LEVEL = "-Onone";
			};
			name = Debug;
		};
		87B6625029521E7600B6FFA9 /* Release */ = {
			isa = XCBuildConfiguration;
			buildSettings = {
				ALWAYS_SEARCH_USER_PATHS = NO;
				CLANG_ANALYZER_NONNULL = YES;
				CLANG_ANALYZER_NUMBER_OBJECT_CONVERSION = YES_AGGRESSIVE;
				CLANG_CXX_LANGUAGE_STANDARD = "gnu++20";
				CLANG_ENABLE_MODULES = YES;
				CLANG_ENABLE_OBJC_ARC = YES;
				CLANG_ENABLE_OBJC_WEAK = YES;
				CLANG_WARN_BLOCK_CAPTURE_AUTORELEASING = YES;
				CLANG_WARN_BOOL_CONVERSION = YES;
				CLANG_WARN_COMMA = YES;
				CLANG_WARN_CONSTANT_CONVERSION = YES;
				CLANG_WARN_DEPRECATED_OBJC_IMPLEMENTATIONS = YES;
				CLANG_WARN_DIRECT_OBJC_ISA_USAGE = YES_ERROR;
				CLANG_WARN_DOCUMENTATION_COMMENTS = YES;
				CLANG_WARN_EMPTY_BODY = YES;
				CLANG_WARN_ENUM_CONVERSION = YES;
				CLANG_WARN_INFINITE_RECURSION = YES;
				CLANG_WARN_INT_CONVERSION = YES;
				CLANG_WARN_NON_LITERAL_NULL_CONVERSION = YES;
				CLANG_WARN_OBJC_IMPLICIT_RETAIN_SELF = YES;
				CLANG_WARN_OBJC_LITERAL_CONVERSION = YES;
				CLANG_WARN_OBJC_ROOT_CLASS = YES_ERROR;
				CLANG_WARN_QUOTED_INCLUDE_IN_FRAMEWORK_HEADER = YES;
				CLANG_WARN_RANGE_LOOP_ANALYSIS = YES;
				CLANG_WARN_STRICT_PROTOTYPES = YES;
				CLANG_WARN_SUSPICIOUS_MOVE = YES;
				CLANG_WARN_UNGUARDED_AVAILABILITY = YES_AGGRESSIVE;
				CLANG_WARN_UNREACHABLE_CODE = YES;
				CLANG_WARN__DUPLICATE_METHOD_MATCH = YES;
				COPY_PHASE_STRIP = NO;
				DEBUG_INFORMATION_FORMAT = "dwarf-with-dsym";
				ENABLE_NS_ASSERTIONS = NO;
				ENABLE_STRICT_OBJC_MSGSEND = YES;
				GCC_C_LANGUAGE_STANDARD = gnu11;
				GCC_NO_COMMON_BLOCKS = YES;
				GCC_WARN_64_TO_32_BIT_CONVERSION = YES;
				GCC_WARN_ABOUT_RETURN_TYPE = YES_ERROR;
				GCC_WARN_UNDECLARED_SELECTOR = YES;
				GCC_WARN_UNINITIALIZED_AUTOS = YES_AGGRESSIVE;
				GCC_WARN_UNUSED_FUNCTION = YES;
				GCC_WARN_UNUSED_VARIABLE = YES;
				IPHONEOS_DEPLOYMENT_TARGET = 16.1;
				MTL_ENABLE_DEBUG_INFO = NO;
				MTL_FAST_MATH = YES;
				SDKROOT = iphoneos;
				SWIFT_COMPILATION_MODE = wholemodule;
				SWIFT_OPTIMIZATION_LEVEL = "-O";
				VALIDATE_PRODUCT = YES;
			};
			name = Release;
		};
		87B6625229521E7600B6FFA9 /* Debug */ = {
			isa = XCBuildConfiguration;
			buildSettings = {
				ASSETCATALOG_COMPILER_APPICON_NAME = AppIcon;
				ASSETCATALOG_COMPILER_GLOBAL_ACCENT_COLOR_NAME = AccentColor;
				CODE_SIGN_STYLE = Automatic;
				CURRENT_PROJECT_VERSION = 1;
				DEVELOPMENT_TEAM = T6DNHAHXG9;
				GENERATE_INFOPLIST_FILE = YES;
				INFOPLIST_FILE = ZOOC/Application/Info.plist;
				INFOPLIST_KEY_UIApplicationSupportsIndirectInputEvents = YES;
				INFOPLIST_KEY_UILaunchStoryboardName = LaunchScreen;
				INFOPLIST_KEY_UIMainStoryboardFile = "";
				INFOPLIST_KEY_UISupportedInterfaceOrientations_iPad = "UIInterfaceOrientationPortrait UIInterfaceOrientationPortraitUpsideDown UIInterfaceOrientationLandscapeLeft UIInterfaceOrientationLandscapeRight";
				INFOPLIST_KEY_UISupportedInterfaceOrientations_iPhone = "UIInterfaceOrientationPortrait UIInterfaceOrientationLandscapeLeft UIInterfaceOrientationLandscapeRight";
				IPHONEOS_DEPLOYMENT_TARGET = 13.0;
				LD_RUNPATH_SEARCH_PATHS = (
					"$(inherited)",
					"@executable_path/Frameworks",
				);
				MARKETING_VERSION = 1.0;
				PRODUCT_BUNDLE_IDENTIFIER = com.metlsplit.ZOOC;
				PRODUCT_NAME = "$(TARGET_NAME)";
				SWIFT_EMIT_LOC_STRINGS = YES;
				SWIFT_VERSION = 5.0;
				TARGETED_DEVICE_FAMILY = "1,2";
			};
			name = Debug;
		};
		87B6625329521E7600B6FFA9 /* Release */ = {
			isa = XCBuildConfiguration;
			buildSettings = {
				ASSETCATALOG_COMPILER_APPICON_NAME = AppIcon;
				ASSETCATALOG_COMPILER_GLOBAL_ACCENT_COLOR_NAME = AccentColor;
				CODE_SIGN_STYLE = Automatic;
				CURRENT_PROJECT_VERSION = 1;
				DEVELOPMENT_TEAM = T6DNHAHXG9;
				GENERATE_INFOPLIST_FILE = YES;
				INFOPLIST_FILE = ZOOC/Application/Info.plist;
				INFOPLIST_KEY_UIApplicationSupportsIndirectInputEvents = YES;
				INFOPLIST_KEY_UILaunchStoryboardName = LaunchScreen;
				INFOPLIST_KEY_UIMainStoryboardFile = "";
				INFOPLIST_KEY_UISupportedInterfaceOrientations_iPad = "UIInterfaceOrientationPortrait UIInterfaceOrientationPortraitUpsideDown UIInterfaceOrientationLandscapeLeft UIInterfaceOrientationLandscapeRight";
				INFOPLIST_KEY_UISupportedInterfaceOrientations_iPhone = "UIInterfaceOrientationPortrait UIInterfaceOrientationLandscapeLeft UIInterfaceOrientationLandscapeRight";
				IPHONEOS_DEPLOYMENT_TARGET = 13.0;
				LD_RUNPATH_SEARCH_PATHS = (
					"$(inherited)",
					"@executable_path/Frameworks",
				);
				MARKETING_VERSION = 1.0;
				PRODUCT_BUNDLE_IDENTIFIER = com.metlsplit.ZOOC;
				PRODUCT_NAME = "$(TARGET_NAME)";
				SWIFT_EMIT_LOC_STRINGS = YES;
				SWIFT_VERSION = 5.0;
				TARGETED_DEVICE_FAMILY = "1,2";
			};
			name = Release;
		};
/* End XCBuildConfiguration section */

/* Begin XCConfigurationList section */
		87B6623829521E7500B6FFA9 /* Build configuration list for PBXProject "ZOOC" */ = {
			isa = XCConfigurationList;
			buildConfigurations = (
				87B6624F29521E7600B6FFA9 /* Debug */,
				87B6625029521E7600B6FFA9 /* Release */,
			);
			defaultConfigurationIsVisible = 0;
			defaultConfigurationName = Release;
		};
		87B6625129521E7600B6FFA9 /* Build configuration list for PBXNativeTarget "ZOOC" */ = {
			isa = XCConfigurationList;
			buildConfigurations = (
				87B6625229521E7600B6FFA9 /* Debug */,
				87B6625329521E7600B6FFA9 /* Release */,
			);
			defaultConfigurationIsVisible = 0;
			defaultConfigurationName = Release;
		};
/* End XCConfigurationList section */
	};
	rootObject = 87B6623529521E7500B6FFA9 /* Project object */;
}
