// !$*UTF8*$!
{
	archiveVersion = 1;
	classes = {
	};
	objectVersion = 56;
	objects = {

/* Begin PBXBuildFile section */
		4C6B1860296B40C00059840D /* RecordModel.swift in Sources */ = {isa = PBXBuildFile; fileRef = 4C6B185F296B40C00059840D /* RecordModel.swift */; };
		4C6B1862296B69070059840D /* RecordRegisterViewController.swift in Sources */ = {isa = PBXBuildFile; fileRef = 4C6B1861296B69070059840D /* RecordRegisterViewController.swift */; };
		4C6B1864296B6C600059840D /* RecordRegisterModel.swift in Sources */ = {isa = PBXBuildFile; fileRef = 4C6B1863296B6C600059840D /* RecordRegisterModel.swift */; };
		4C6B1868296B930B0059840D /* RecordRegisterCollectionViewCell.swift in Sources */ = {isa = PBXBuildFile; fileRef = 4C6B1867296B930B0059840D /* RecordRegisterCollectionViewCell.swift */; };
		4C6B186A296C82850059840D /* RecordRegisterFourCollectionViewCell.swift in Sources */ = {isa = PBXBuildFile; fileRef = 4C6B1869296C82850059840D /* RecordRegisterFourCollectionViewCell.swift */; };
		4C6B186C296CB8730059840D /* RecordCompleteViewController.swift in Sources */ = {isa = PBXBuildFile; fileRef = 4C6B186B296CB8730059840D /* RecordCompleteViewController.swift */; };
		4C6B186E296DBFE40059840D /* RecordAlertViewController.swift in Sources */ = {isa = PBXBuildFile; fileRef = 4C6B186D296DBFE40059840D /* RecordAlertViewController.swift */; };
		4C94035E2962F5470003A9BF /* MyFamilyInviteViewController.swift in Sources */ = {isa = PBXBuildFile; fileRef = 4C94035D2962F5470003A9BF /* MyFamilyInviteViewController.swift */; };
		4C9403602964695A0003A9BF /* MyInviteCompleteViewController.swift in Sources */ = {isa = PBXBuildFile; fileRef = 4C94035F2964695A0003A9BF /* MyInviteCompleteViewController.swift */; };
		871EA33C296F3E6200D0E8CC /* PetResult.swift in Sources */ = {isa = PBXBuildFile; fileRef = 871EA33B296F3E6200D0E8CC /* PetResult.swift */; };
		871EA33E296F529C00D0E8CC /* UIImageView+.swift in Sources */ = {isa = PBXBuildFile; fileRef = 871EA33D296F529C00D0E8CC /* UIImageView+.swift */; };
		876483192952366A00F74882 /* Image.swift in Sources */ = {isa = PBXBuildFile; fileRef = 876483182952366A00F74882 /* Image.swift */; };
		8764831B2952367400F74882 /* UIViewController+.swift in Sources */ = {isa = PBXBuildFile; fileRef = 8764831A2952367400F74882 /* UIViewController+.swift */; };
		8764831D2952368100F74882 /* UIView+.swift in Sources */ = {isa = PBXBuildFile; fileRef = 8764831C2952368100F74882 /* UIView+.swift */; };
		8764831F2952368800F74882 /* UITableViewCell+.swift in Sources */ = {isa = PBXBuildFile; fileRef = 8764831E2952368800F74882 /* UITableViewCell+.swift */; };
		876483212952369500F74882 /* UICollectionViewCell+.swift in Sources */ = {isa = PBXBuildFile; fileRef = 876483202952369500F74882 /* UICollectionViewCell+.swift */; };
		87648323295236B700F74882 /* UIColor+.swift in Sources */ = {isa = PBXBuildFile; fileRef = 87648322295236B700F74882 /* UIColor+.swift */; };
		87648325295236BE00F74882 /* UIFont+.swift in Sources */ = {isa = PBXBuildFile; fileRef = 87648324295236BE00F74882 /* UIFont+.swift */; };
		876483272952370F00F74882 /* UIStackView+.swift in Sources */ = {isa = PBXBuildFile; fileRef = 876483262952370F00F74882 /* UIStackView+.swift */; };
		87648329295237B500F74882 /* Adjusted+.swift in Sources */ = {isa = PBXBuildFile; fileRef = 87648328295237B500F74882 /* Adjusted+.swift */; };
		8764832B295238EB00F74882 /* UITextField+.swift in Sources */ = {isa = PBXBuildFile; fileRef = 8764832A295238EB00F74882 /* UITextField+.swift */; };
		8764833229523BBD00F74882 /* SnapKit in Frameworks */ = {isa = PBXBuildFile; productRef = 8764833129523BBD00F74882 /* SnapKit */; };
		8764833529523BCA00F74882 /* Then in Frameworks */ = {isa = PBXBuildFile; productRef = 8764833429523BCA00F74882 /* Then */; };
		8764833829523BEE00F74882 /* Moya in Frameworks */ = {isa = PBXBuildFile; productRef = 8764833729523BEE00F74882 /* Moya */; };
		8764833B29523C0100F74882 /* Kingfisher in Frameworks */ = {isa = PBXBuildFile; productRef = 8764833A29523C0100F74882 /* Kingfisher */; };
		8765549F295846F3006BBDA9 /* ZoocTabBarController.swift in Sources */ = {isa = PBXBuildFile; fileRef = 8765549E295846F3006BBDA9 /* ZoocTabBarController.swift */; };
		876554A3295848D6006BBDA9 /* BaseViewController.swift in Sources */ = {isa = PBXBuildFile; fileRef = 876554A2295848D5006BBDA9 /* BaseViewController.swift */; };
		876554A529584912006BBDA9 /* HomeGuideViewController.swift in Sources */ = {isa = PBXBuildFile; fileRef = 876554A429584912006BBDA9 /* HomeGuideViewController.swift */; };
		876554A72958494B006BBDA9 /* MyViewController.swift in Sources */ = {isa = PBXBuildFile; fileRef = 876554A62958494B006BBDA9 /* MyViewController.swift */; };
		877BAFC2295EEA6900C2AA1C /* Pretendard-SemiBold.otf in Resources */ = {isa = PBXBuildFile; fileRef = 877BAFC1295EEA6900C2AA1C /* Pretendard-SemiBold.otf */; };
		877BAFC4295EEA7700C2AA1C /* Pretendard-Medium.otf in Resources */ = {isa = PBXBuildFile; fileRef = 877BAFC3295EEA7700C2AA1C /* Pretendard-Medium.otf */; };
		877E57EE2966AAE6006D82FC /* HomeArchiveListCollectionViewCell.swift in Sources */ = {isa = PBXBuildFile; fileRef = 877E57ED2966AAE6006D82FC /* HomeArchiveListCollectionViewCell.swift */; };
		877E57F02966C046006D82FC /* HomeArchiveModel.swift in Sources */ = {isa = PBXBuildFile; fileRef = 877E57EF2966C046006D82FC /* HomeArchiveModel.swift */; };
		877E57F22966D13E006D82FC /* HomeDetailArchiveViewController.swift in Sources */ = {isa = PBXBuildFile; fileRef = 877E57F12966D13E006D82FC /* HomeDetailArchiveViewController.swift */; };
		8782C7DA296857A600C9324B /* KakaoSDKShare in Frameworks */ = {isa = PBXBuildFile; productRef = 8782C7D9296857A600C9324B /* KakaoSDKShare */; };
		8782C7DD29685D7F00C9324B /* FirebaseAuth in Frameworks */ = {isa = PBXBuildFile; productRef = 8782C7DC29685D7F00C9324B /* FirebaseAuth */; };
		8782C7DF29685D7F00C9324B /* FirebaseFirestore in Frameworks */ = {isa = PBXBuildFile; productRef = 8782C7DE29685D7F00C9324B /* FirebaseFirestore */; };
		8782C7E129685D7F00C9324B /* FirebaseMessaging in Frameworks */ = {isa = PBXBuildFile; productRef = 8782C7E029685D7F00C9324B /* FirebaseMessaging */; };
		8782C7E42968B03500C9324B /* HomePetCollectionViewCell.swift in Sources */ = {isa = PBXBuildFile; fileRef = 8782C7E32968B03500C9324B /* HomePetCollectionViewCell.swift */; };
		8782C7E62968C0F000C9324B /* HomePetModel.swift in Sources */ = {isa = PBXBuildFile; fileRef = 8782C7E52968C0F000C9324B /* HomePetModel.swift */; };
		8782C7EB296AC58B00C9324B /* HomeArchiveIndicatorView.swift in Sources */ = {isa = PBXBuildFile; fileRef = 8782C7EA296AC58B00C9324B /* HomeArchiveIndicatorView.swift */; };
		8782C7EF296C41B200C9324B /* HomeArchiveGridCollectionViewCell.swift in Sources */ = {isa = PBXBuildFile; fileRef = 8782C7EE296C41B200C9324B /* HomeArchiveGridCollectionViewCell.swift */; };
		8782C7F1296CADE300C9324B /* HomeDetailArchiveModel.swift in Sources */ = {isa = PBXBuildFile; fileRef = 8782C7F0296CADE300C9324B /* HomeDetailArchiveModel.swift */; };
		8782C7F3296CC13A00C9324B /* HomeCommentCollectionViewCell.swift in Sources */ = {isa = PBXBuildFile; fileRef = 8782C7F2296CC13A00C9324B /* HomeCommentCollectionViewCell.swift */; };
		8782C7F5296DB7FC00C9324B /* HomeDetailArchiveCommentTextField.swift in Sources */ = {isa = PBXBuildFile; fileRef = 8782C7F4296DB7FC00C9324B /* HomeDetailArchiveCommentTextField.swift */; };
		87A76A8A295F6D0A0096F669 /* PracticeViewController.swift in Sources */ = {isa = PBXBuildFile; fileRef = 87A76A89295F6D0A0096F669 /* PracticeViewController.swift */; };
		87A76A92295F6DA50096F669 /* RecordViewController.swift in Sources */ = {isa = PBXBuildFile; fileRef = 87A76A91295F6DA50096F669 /* RecordViewController.swift */; };
		87A76A9F295F6EA30096F669 /* OnboardingService.swift in Sources */ = {isa = PBXBuildFile; fileRef = 87A76A9E295F6EA30096F669 /* OnboardingService.swift */; };
		87A76AA1295F6EA90096F669 /* OnboardingAPI.swift in Sources */ = {isa = PBXBuildFile; fileRef = 87A76AA0295F6EA90096F669 /* OnboardingAPI.swift */; };
		87A76AA3295F6EB80096F669 /* HomeService.swift in Sources */ = {isa = PBXBuildFile; fileRef = 87A76AA2295F6EB80096F669 /* HomeService.swift */; };
		87A76AA5295F6EC40096F669 /* HomeAPI.swift in Sources */ = {isa = PBXBuildFile; fileRef = 87A76AA4295F6EC40096F669 /* HomeAPI.swift */; };
		87A76AA7295F6ECD0096F669 /* MyService.swift in Sources */ = {isa = PBXBuildFile; fileRef = 87A76AA6295F6ECD0096F669 /* MyService.swift */; };
		87A76AA9295F6ED70096F669 /* MyAPI.swift in Sources */ = {isa = PBXBuildFile; fileRef = 87A76AA8295F6ED70096F669 /* MyAPI.swift */; };
		87A76AAB295F6EDE0096F669 /* RecordService.swift in Sources */ = {isa = PBXBuildFile; fileRef = 87A76AAA295F6EDE0096F669 /* RecordService.swift */; };
		87A76AAD295F6EE70096F669 /* RescordAPI.swift in Sources */ = {isa = PBXBuildFile; fileRef = 87A76AAC295F6EE70096F669 /* RescordAPI.swift */; };
		87A76AB6295F760C0096F669 /* KakaoSDKAuth in Frameworks */ = {isa = PBXBuildFile; productRef = 87A76AB5295F760C0096F669 /* KakaoSDKAuth */; };
		87A76AB8295F760C0096F669 /* KakaoSDKCommon in Frameworks */ = {isa = PBXBuildFile; productRef = 87A76AB7295F760C0096F669 /* KakaoSDKCommon */; };
		87A76ABA295F760C0096F669 /* KakaoSDKUser in Frameworks */ = {isa = PBXBuildFile; productRef = 87A76AB9295F760C0096F669 /* KakaoSDKUser */; };
		87A76ABF2960423C0096F669 /* GenericResponse.swift in Sources */ = {isa = PBXBuildFile; fileRef = 87A76ABE2960423C0096F669 /* GenericResponse.swift */; };
		87A76AC32960427C0096F669 /* APIConstants.swift in Sources */ = {isa = PBXBuildFile; fileRef = 87A76AC22960427C0096F669 /* APIConstants.swift */; };
		87A76AC82960430A0096F669 /* MoyaLoggerPlugin.swift in Sources */ = {isa = PBXBuildFile; fileRef = 87A76AC7296043090096F669 /* MoyaLoggerPlugin.swift */; };
		87B6624129521E7500B6FFA9 /* AppDelegate.swift in Sources */ = {isa = PBXBuildFile; fileRef = 87B6624029521E7500B6FFA9 /* AppDelegate.swift */; };
		87B6624329521E7500B6FFA9 /* SceneDelegate.swift in Sources */ = {isa = PBXBuildFile; fileRef = 87B6624229521E7500B6FFA9 /* SceneDelegate.swift */; };
		87B6624A29521E7600B6FFA9 /* Assets.xcassets in Resources */ = {isa = PBXBuildFile; fileRef = 87B6624929521E7600B6FFA9 /* Assets.xcassets */; };
		87B6624D29521E7600B6FFA9 /* LaunchScreen.storyboard in Resources */ = {isa = PBXBuildFile; fileRef = 87B6624B29521E7600B6FFA9 /* LaunchScreen.storyboard */; };
		87D5AF5629605C0100CA7F12 /* URLs.swift in Sources */ = {isa = PBXBuildFile; fileRef = 87D5AF5529605C0100CA7F12 /* URLs.swift */; };
		87D5AF5A29606AC900CA7F12 /* NetworkResult.swift in Sources */ = {isa = PBXBuildFile; fileRef = 87D5AF5929606AC900CA7F12 /* NetworkResult.swift */; };
		87D5AF5C29606AFC00CA7F12 /* BaseTargetType.swift in Sources */ = {isa = PBXBuildFile; fileRef = 87D5AF5B29606AFC00CA7F12 /* BaseTargetType.swift */; };
		87D5AF602960CD5900CA7F12 /* HomeMissionCollectionViewCell.swift in Sources */ = {isa = PBXBuildFile; fileRef = 87D5AF5F2960CD5900CA7F12 /* HomeMissionCollectionViewCell.swift */; };
		87D5AF622960CFE500CA7F12 /* HomeGuideCollectionViewCell.swift in Sources */ = {isa = PBXBuildFile; fileRef = 87D5AF612960CFE500CA7F12 /* HomeGuideCollectionViewCell.swift */; };
		87D5AF6429649DC100CA7F12 /* HomeViewController.swift in Sources */ = {isa = PBXBuildFile; fileRef = 87D5AF6329649DC100CA7F12 /* HomeViewController.swift */; };
		D23502E22961898C00F01101 /* ProfileView.swift in Sources */ = {isa = PBXBuildFile; fileRef = D23502E12961898C00F01101 /* ProfileView.swift */; };
		D23502EA2961969100F01101 /* FamilyCollectionView.swift in Sources */ = {isa = PBXBuildFile; fileRef = D23502E92961969100F01101 /* FamilyCollectionView.swift */; };
		D23502EC296197C700F01101 /* PetCollectionView.swift in Sources */ = {isa = PBXBuildFile; fileRef = D23502EB296197C700F01101 /* PetCollectionView.swift */; };
		D23502EF29619D3200F01101 /* FamilyCollectionViewCell.swift in Sources */ = {isa = PBXBuildFile; fileRef = D23502EE29619D3200F01101 /* FamilyCollectionViewCell.swift */; };
		D23502F129619D4700F01101 /* PetCollectionViewCell.swift in Sources */ = {isa = PBXBuildFile; fileRef = D23502F029619D4700F01101 /* PetCollectionViewCell.swift */; };
		D23502F52961A69E00F01101 /* MyView.swift in Sources */ = {isa = PBXBuildFile; fileRef = D23502F42961A69E00F01101 /* MyView.swift */; };
		D23502F92961F34100F01101 /* SettingMenuTableView.swift in Sources */ = {isa = PBXBuildFile; fileRef = D23502F82961F34100F01101 /* SettingMenuTableView.swift */; };
		D23502FB2961F44700F01101 /* SettingMenuTableViewCell.swift in Sources */ = {isa = PBXBuildFile; fileRef = D23502FA2961F44700F01101 /* SettingMenuTableViewCell.swift */; };
		D23502FD2961F85100F01101 /* SettingMenuModel.swift in Sources */ = {isa = PBXBuildFile; fileRef = D23502FC2961F85100F01101 /* SettingMenuModel.swift */; };
		D23503012964702400F01101 /* AppInformationView.swift in Sources */ = {isa = PBXBuildFile; fileRef = D23503002964702400F01101 /* AppInformationView.swift */; };
		D23503032964728700F01101 /* AppInformationTableViewCell.swift in Sources */ = {isa = PBXBuildFile; fileRef = D23503022964728700F01101 /* AppInformationTableViewCell.swift */; };
		D23503052964743100F01101 /* AppInformationModel.swift in Sources */ = {isa = PBXBuildFile; fileRef = D23503042964743100F01101 /* AppInformationModel.swift */; };
		D235030729647B4200F01101 /* AppInformationViewController.swift in Sources */ = {isa = PBXBuildFile; fileRef = D235030629647B4200F01101 /* AppInformationViewController.swift */; };
		D2350309296490A700F01101 /* EditProfileView.swift in Sources */ = {isa = PBXBuildFile; fileRef = D2350308296490A700F01101 /* EditProfileView.swift */; };
		D235030B2964991700F01101 /* EditProfileViewController.swift in Sources */ = {isa = PBXBuildFile; fileRef = D235030A2964991700F01101 /* EditProfileViewController.swift */; };
		D26C85CF2968681900AEAF9B /* PetCollectionFooterView.swift in Sources */ = {isa = PBXBuildFile; fileRef = D26C85CE2968681900AEAF9B /* PetCollectionFooterView.swift */; };
		D26C85D1296869DD00AEAF9B /* UICollectionReusableView+.swift in Sources */ = {isa = PBXBuildFile; fileRef = D26C85D0296869DD00AEAF9B /* UICollectionReusableView+.swift */; };
		D26C85D7296888D000AEAF9B /* DeleteAccountView.swift in Sources */ = {isa = PBXBuildFile; fileRef = D26C85D6296888D000AEAF9B /* DeleteAccountView.swift */; };
		D26C85D929689D0800AEAF9B /* DeleteAccountAlertViewController.swift in Sources */ = {isa = PBXBuildFile; fileRef = D26C85D829689D0800AEAF9B /* DeleteAccountAlertViewController.swift */; };
		D26C85DB2968A12000AEAF9B /* MyNoticeSettingView.swift in Sources */ = {isa = PBXBuildFile; fileRef = D26C85DA2968A12000AEAF9B /* MyNoticeSettingView.swift */; };
		D26C85DD2968B0A500AEAF9B /* MyNoticeSettingViewController.swift in Sources */ = {isa = PBXBuildFile; fileRef = D26C85DC2968B0A500AEAF9B /* MyNoticeSettingViewController.swift */; };
		D26C85DF2968C26500AEAF9B /* OnboardingLoginView.swift in Sources */ = {isa = PBXBuildFile; fileRef = D26C85DE2968C26500AEAF9B /* OnboardingLoginView.swift */; };
		D26C85E12968C63F00AEAF9B /* OnboardingLoginViewController.swift in Sources */ = {isa = PBXBuildFile; fileRef = D26C85E02968C63F00AEAF9B /* OnboardingLoginViewController.swift */; };
		D26C85E32968C88800AEAF9B /* OnboardingAgreementView.swift in Sources */ = {isa = PBXBuildFile; fileRef = D26C85E22968C88800AEAF9B /* OnboardingAgreementView.swift */; };
		D26C85E52968CB2F00AEAF9B /* OnboardingAgreementTableViewCell.swift in Sources */ = {isa = PBXBuildFile; fileRef = D26C85E42968CB2F00AEAF9B /* OnboardingAgreementTableViewCell.swift */; };
		D26C85E82968CD8E00AEAF9B /* OnboardingAgreementViewController.swift in Sources */ = {isa = PBXBuildFile; fileRef = D26C85E72968CD8E00AEAF9B /* OnboardingAgreementViewController.swift */; };
		D26C85EA2968CF7E00AEAF9B /* OnboardingAgreementModel.swift in Sources */ = {isa = PBXBuildFile; fileRef = D26C85E92968CF7E00AEAF9B /* OnboardingAgreementModel.swift */; };
		D26C85EC2968D2E100AEAF9B /* OnboardingAgreementTableHeaderView.swift in Sources */ = {isa = PBXBuildFile; fileRef = D26C85EB2968D2E100AEAF9B /* OnboardingAgreementTableHeaderView.swift */; };
		D26C85EE2968D51F00AEAF9B /* UITableViewHeaderFooterView+.swift in Sources */ = {isa = PBXBuildFile; fileRef = D26C85ED2968D51F00AEAF9B /* UITableViewHeaderFooterView+.swift */; };
		D26C85F029693C8500AEAF9B /* OnboardingWelcomeView.swift in Sources */ = {isa = PBXBuildFile; fileRef = D26C85EF29693C8500AEAF9B /* OnboardingWelcomeView.swift */; };
		D26C85F229693CFA00AEAF9B /* OnboardingWelcomeViewController.swift in Sources */ = {isa = PBXBuildFile; fileRef = D26C85F129693CFA00AEAF9B /* OnboardingWelcomeViewController.swift */; };
		D26C85F4296946C300AEAF9B /* OnboardingSecondaryWelcomeView.swift in Sources */ = {isa = PBXBuildFile; fileRef = D26C85F3296946C200AEAF9B /* OnboardingSecondaryWelcomeView.swift */; };
		D26C85F6296AFD8F00AEAF9B /* OnboardingSecondaryWelcomeViewController.swift in Sources */ = {isa = PBXBuildFile; fileRef = D26C85F5296AFD8F00AEAF9B /* OnboardingSecondaryWelcomeViewController.swift */; };
		D26C85F8296B0B4E00AEAF9B /* OnboardingChooseFamilyRoleView.swift in Sources */ = {isa = PBXBuildFile; fileRef = D26C85F7296B0B4E00AEAF9B /* OnboardingChooseFamilyRoleView.swift */; };
		D26C85FA296B109500AEAF9B /* OnboardingChooseFamilyRoleViewController.swift in Sources */ = {isa = PBXBuildFile; fileRef = D26C85F9296B109500AEAF9B /* OnboardingChooseFamilyRoleViewController.swift */; };
		D26C85FC296B21A600AEAF9B /* OnboardingRegisterProfileImageView.swift in Sources */ = {isa = PBXBuildFile; fileRef = D26C85FB296B21A500AEAF9B /* OnboardingRegisterProfileImageView.swift */; };
		D26C85FE296B253600AEAF9B /* OnboardingRegisterProfileImageViewController.swift in Sources */ = {isa = PBXBuildFile; fileRef = D26C85FD296B253600AEAF9B /* OnboardingRegisterProfileImageViewController.swift */; };
		D26C8600296B27B100AEAF9B /* OnboardingCompleteProfileView.swift in Sources */ = {isa = PBXBuildFile; fileRef = D26C85FF296B27B100AEAF9B /* OnboardingCompleteProfileView.swift */; };
		D26C8602296B285700AEAF9B /* OnboardingCompleteProfileViewController.swift in Sources */ = {isa = PBXBuildFile; fileRef = D26C8601296B285700AEAF9B /* OnboardingCompleteProfileViewController.swift */; };
		D26C8604296B2F1B00AEAF9B /* OnboardingSecondaryCompleteProfileView.swift in Sources */ = {isa = PBXBuildFile; fileRef = D26C8603296B2F1B00AEAF9B /* OnboardingSecondaryCompleteProfileView.swift */; };
		D26C8606296B2F4B00AEAF9B /* OnboardingSecondaryCompleteProfileViewController.swift in Sources */ = {isa = PBXBuildFile; fileRef = D26C8605296B2F4B00AEAF9B /* OnboardingSecondaryCompleteProfileViewController.swift */; };
		D26C8608296B585600AEAF9B /* OnboardingParticipateView.swift in Sources */ = {isa = PBXBuildFile; fileRef = D26C8607296B585600AEAF9B /* OnboardingParticipateView.swift */; };
		D26C860A296B5C7400AEAF9B /* OnboardingParticipateViewController.swift in Sources */ = {isa = PBXBuildFile; fileRef = D26C8609296B5C7400AEAF9B /* OnboardingParticipateViewController.swift */; };
		D26C860C296B650900AEAF9B /* OnboardingParticipateCompletedView.swift in Sources */ = {isa = PBXBuildFile; fileRef = D26C860B296B650900AEAF9B /* OnboardingParticipateCompletedView.swift */; };
		D26C860E296B6E8600AEAF9B /* UILabel+.swift in Sources */ = {isa = PBXBuildFile; fileRef = D26C860D296B6E8600AEAF9B /* UILabel+.swift */; };
		D26C8610296B761900AEAF9B /* OnboardingParticipateCompletedViewController.swift in Sources */ = {isa = PBXBuildFile; fileRef = D26C860F296B761900AEAF9B /* OnboardingParticipateCompletedViewController.swift */; };
		D26C8612296B7CA500AEAF9B /* OnboardingRegisterPetView.swift in Sources */ = {isa = PBXBuildFile; fileRef = D26C8611296B7CA500AEAF9B /* OnboardingRegisterPetView.swift */; };
		D26C8614296B7F3E00AEAF9B /* OnboardingRegisterPetTableViewCell.swift in Sources */ = {isa = PBXBuildFile; fileRef = D26C8613296B7F3E00AEAF9B /* OnboardingRegisterPetTableViewCell.swift */; };
		D26C8616296BEF9800AEAF9B /* OnboardingRegisterPetViewController.swift in Sources */ = {isa = PBXBuildFile; fileRef = D26C8615296BEF9800AEAF9B /* OnboardingRegisterPetViewController.swift */; };
		D26C861A296C0FC800AEAF9B /* OnboardingPetRegisterModel.swift in Sources */ = {isa = PBXBuildFile; fileRef = D26C8619296C0FC800AEAF9B /* OnboardingPetRegisterModel.swift */; };
		D26C861C296C1A8A00AEAF9B /* OnboardingRegisterPetTableFooterView.swift in Sources */ = {isa = PBXBuildFile; fileRef = D26C861B296C1A8A00AEAF9B /* OnboardingRegisterPetTableFooterView.swift */; };
		D27D9560296C9F5D0097CD03 /* OnboardingInviteFamilyView.swift in Sources */ = {isa = PBXBuildFile; fileRef = D27D955F296C9F5D0097CD03 /* OnboardingInviteFamilyView.swift */; };
		D27D9562296CA4640097CD03 /* OnboardingInviteFamilyViewController.swift in Sources */ = {isa = PBXBuildFile; fileRef = D27D9561296CA4640097CD03 /* OnboardingInviteFamilyViewController.swift */; };
		D27D9564296CA9720097CD03 /* OnboardingInviteCompletedFamilyView.swift in Sources */ = {isa = PBXBuildFile; fileRef = D27D9563296CA9720097CD03 /* OnboardingInviteCompletedFamilyView.swift */; };
		D27D9566296CA99B0097CD03 /* OnboardingInviteFamilyCompletedViewController.swift in Sources */ = {isa = PBXBuildFile; fileRef = D27D9565296CA99B0097CD03 /* OnboardingInviteFamilyCompletedViewController.swift */; };
		D27D9568296CB5930097CD03 /* OnboardingReInviteFamilyView.swift in Sources */ = {isa = PBXBuildFile; fileRef = D27D9567296CB5930097CD03 /* OnboardingReInviteFamilyView.swift */; };
		D27D956A296CB6030097CD03 /* OnboardingReInviteFamilyViewController.swift in Sources */ = {isa = PBXBuildFile; fileRef = D27D9569296CB6030097CD03 /* OnboardingReInviteFamilyViewController.swift */; };
		D27D956C296CBA2D0097CD03 /* UIButton+.swift in Sources */ = {isa = PBXBuildFile; fileRef = D27D956B296CBA2D0097CD03 /* UIButton+.swift */; };
		D2F98F9D2967154D00CC82DE /* MyAlertViewController.swift in Sources */ = {isa = PBXBuildFile; fileRef = D2F98F9C2967154D00CC82DE /* MyAlertViewController.swift */; };
		D2F98F9F29676E3300CC82DE /* UINavigationController+.swift in Sources */ = {isa = PBXBuildFile; fileRef = D2F98F9E29676E3300CC82DE /* UINavigationController+.swift */; };
		D2F98FA5296782AE00CC82DE /* MyProfileModel.swift in Sources */ = {isa = PBXBuildFile; fileRef = D2F98FA4296782AE00CC82DE /* MyProfileModel.swift */; };
		D2F98FA72967939100CC82DE /* MemberModel.swift in Sources */ = {isa = PBXBuildFile; fileRef = D2F98FA62967939100CC82DE /* MemberModel.swift */; };
/* End PBXBuildFile section */

/* Begin PBXFileReference section */
		4C6B185F296B40C00059840D /* RecordModel.swift */ = {isa = PBXFileReference; lastKnownFileType = sourcecode.swift; path = RecordModel.swift; sourceTree = "<group>"; };
		4C6B1861296B69070059840D /* RecordRegisterViewController.swift */ = {isa = PBXFileReference; lastKnownFileType = sourcecode.swift; path = RecordRegisterViewController.swift; sourceTree = "<group>"; };
		4C6B1863296B6C600059840D /* RecordRegisterModel.swift */ = {isa = PBXFileReference; lastKnownFileType = sourcecode.swift; path = RecordRegisterModel.swift; sourceTree = "<group>"; };
		4C6B1867296B930B0059840D /* RecordRegisterCollectionViewCell.swift */ = {isa = PBXFileReference; lastKnownFileType = sourcecode.swift; path = RecordRegisterCollectionViewCell.swift; sourceTree = "<group>"; };
		4C6B1869296C82850059840D /* RecordRegisterFourCollectionViewCell.swift */ = {isa = PBXFileReference; lastKnownFileType = sourcecode.swift; path = RecordRegisterFourCollectionViewCell.swift; sourceTree = "<group>"; };
		4C6B186B296CB8730059840D /* RecordCompleteViewController.swift */ = {isa = PBXFileReference; lastKnownFileType = sourcecode.swift; path = RecordCompleteViewController.swift; sourceTree = "<group>"; };
		4C6B186D296DBFE40059840D /* RecordAlertViewController.swift */ = {isa = PBXFileReference; lastKnownFileType = sourcecode.swift; path = RecordAlertViewController.swift; sourceTree = "<group>"; };
		4C94035D2962F5470003A9BF /* MyFamilyInviteViewController.swift */ = {isa = PBXFileReference; lastKnownFileType = sourcecode.swift; path = MyFamilyInviteViewController.swift; sourceTree = "<group>"; };
		4C94035F2964695A0003A9BF /* MyInviteCompleteViewController.swift */ = {isa = PBXFileReference; lastKnownFileType = sourcecode.swift; path = MyInviteCompleteViewController.swift; sourceTree = "<group>"; };
		871EA33B296F3E6200D0E8CC /* PetResult.swift */ = {isa = PBXFileReference; lastKnownFileType = sourcecode.swift; path = PetResult.swift; sourceTree = "<group>"; };
		871EA33D296F529C00D0E8CC /* UIImageView+.swift */ = {isa = PBXFileReference; lastKnownFileType = sourcecode.swift; path = "UIImageView+.swift"; sourceTree = "<group>"; };
		876483182952366A00F74882 /* Image.swift */ = {isa = PBXFileReference; lastKnownFileType = sourcecode.swift; path = Image.swift; sourceTree = "<group>"; };
		8764831A2952367400F74882 /* UIViewController+.swift */ = {isa = PBXFileReference; lastKnownFileType = sourcecode.swift; path = "UIViewController+.swift"; sourceTree = "<group>"; };
		8764831C2952368100F74882 /* UIView+.swift */ = {isa = PBXFileReference; lastKnownFileType = sourcecode.swift; path = "UIView+.swift"; sourceTree = "<group>"; };
		8764831E2952368800F74882 /* UITableViewCell+.swift */ = {isa = PBXFileReference; lastKnownFileType = sourcecode.swift; path = "UITableViewCell+.swift"; sourceTree = "<group>"; };
		876483202952369500F74882 /* UICollectionViewCell+.swift */ = {isa = PBXFileReference; lastKnownFileType = sourcecode.swift; path = "UICollectionViewCell+.swift"; sourceTree = "<group>"; };
		87648322295236B700F74882 /* UIColor+.swift */ = {isa = PBXFileReference; lastKnownFileType = sourcecode.swift; path = "UIColor+.swift"; sourceTree = "<group>"; };
		87648324295236BE00F74882 /* UIFont+.swift */ = {isa = PBXFileReference; lastKnownFileType = sourcecode.swift; path = "UIFont+.swift"; sourceTree = "<group>"; };
		876483262952370F00F74882 /* UIStackView+.swift */ = {isa = PBXFileReference; lastKnownFileType = sourcecode.swift; path = "UIStackView+.swift"; sourceTree = "<group>"; };
		87648328295237B500F74882 /* Adjusted+.swift */ = {isa = PBXFileReference; lastKnownFileType = sourcecode.swift; path = "Adjusted+.swift"; sourceTree = "<group>"; };
		8764832A295238EB00F74882 /* UITextField+.swift */ = {isa = PBXFileReference; lastKnownFileType = sourcecode.swift; path = "UITextField+.swift"; sourceTree = "<group>"; };
		8765549E295846F3006BBDA9 /* ZoocTabBarController.swift */ = {isa = PBXFileReference; lastKnownFileType = sourcecode.swift; path = ZoocTabBarController.swift; sourceTree = "<group>"; };
		876554A2295848D5006BBDA9 /* BaseViewController.swift */ = {isa = PBXFileReference; lastKnownFileType = sourcecode.swift; path = BaseViewController.swift; sourceTree = "<group>"; };
		876554A429584912006BBDA9 /* HomeGuideViewController.swift */ = {isa = PBXFileReference; lastKnownFileType = sourcecode.swift; path = HomeGuideViewController.swift; sourceTree = "<group>"; };
		876554A62958494B006BBDA9 /* MyViewController.swift */ = {isa = PBXFileReference; lastKnownFileType = sourcecode.swift; path = MyViewController.swift; sourceTree = "<group>"; };
		877BAFC1295EEA6900C2AA1C /* Pretendard-SemiBold.otf */ = {isa = PBXFileReference; lastKnownFileType = file; path = "Pretendard-SemiBold.otf"; sourceTree = "<group>"; };
		877BAFC3295EEA7700C2AA1C /* Pretendard-Medium.otf */ = {isa = PBXFileReference; lastKnownFileType = file; path = "Pretendard-Medium.otf"; sourceTree = "<group>"; };
		877E57EA2966332F006D82FC /* MemberModel.swift */ = {isa = PBXFileReference; lastKnownFileType = sourcecode.swift; path = MemberModel.swift; sourceTree = "<group>"; };
		877E57ED2966AAE6006D82FC /* HomeArchiveListCollectionViewCell.swift */ = {isa = PBXFileReference; lastKnownFileType = sourcecode.swift; path = HomeArchiveListCollectionViewCell.swift; sourceTree = "<group>"; };
		877E57EF2966C046006D82FC /* HomeArchiveModel.swift */ = {isa = PBXFileReference; lastKnownFileType = sourcecode.swift; name = HomeArchiveModel.swift; path = ZOOC/Data/Home/Model/HomeArchiveModel.swift; sourceTree = SOURCE_ROOT; };
		877E57F12966D13E006D82FC /* HomeDetailArchiveViewController.swift */ = {isa = PBXFileReference; lastKnownFileType = sourcecode.swift; path = HomeDetailArchiveViewController.swift; sourceTree = "<group>"; };
		8782C7E32968B03500C9324B /* HomePetCollectionViewCell.swift */ = {isa = PBXFileReference; lastKnownFileType = sourcecode.swift; path = HomePetCollectionViewCell.swift; sourceTree = "<group>"; };
		8782C7E52968C0F000C9324B /* HomePetModel.swift */ = {isa = PBXFileReference; lastKnownFileType = sourcecode.swift; path = HomePetModel.swift; sourceTree = "<group>"; };
		8782C7EA296AC58B00C9324B /* HomeArchiveIndicatorView.swift */ = {isa = PBXFileReference; lastKnownFileType = sourcecode.swift; path = HomeArchiveIndicatorView.swift; sourceTree = "<group>"; };
		8782C7EE296C41B200C9324B /* HomeArchiveGridCollectionViewCell.swift */ = {isa = PBXFileReference; lastKnownFileType = sourcecode.swift; path = HomeArchiveGridCollectionViewCell.swift; sourceTree = "<group>"; };
		8782C7F0296CADE300C9324B /* HomeDetailArchiveModel.swift */ = {isa = PBXFileReference; lastKnownFileType = sourcecode.swift; path = HomeDetailArchiveModel.swift; sourceTree = "<group>"; };
		8782C7F2296CC13A00C9324B /* HomeCommentCollectionViewCell.swift */ = {isa = PBXFileReference; lastKnownFileType = sourcecode.swift; path = HomeCommentCollectionViewCell.swift; sourceTree = "<group>"; };
		8782C7F4296DB7FC00C9324B /* HomeDetailArchiveCommentTextField.swift */ = {isa = PBXFileReference; lastKnownFileType = sourcecode.swift; path = HomeDetailArchiveCommentTextField.swift; sourceTree = "<group>"; };
		878EE32E2965B2EF0071DCAC /* Empty.md */ = {isa = PBXFileReference; lastKnownFileType = net.daringfireball.markdown; path = Empty.md; sourceTree = "<group>"; };
		87A76A89295F6D0A0096F669 /* PracticeViewController.swift */ = {isa = PBXFileReference; lastKnownFileType = sourcecode.swift; path = PracticeViewController.swift; sourceTree = "<group>"; };
		87A76A91295F6DA50096F669 /* RecordViewController.swift */ = {isa = PBXFileReference; lastKnownFileType = sourcecode.swift; path = RecordViewController.swift; sourceTree = "<group>"; };
		87A76A9E295F6EA30096F669 /* OnboardingService.swift */ = {isa = PBXFileReference; lastKnownFileType = sourcecode.swift; path = OnboardingService.swift; sourceTree = "<group>"; };
		87A76AA0295F6EA90096F669 /* OnboardingAPI.swift */ = {isa = PBXFileReference; lastKnownFileType = sourcecode.swift; path = OnboardingAPI.swift; sourceTree = "<group>"; };
		87A76AA2295F6EB80096F669 /* HomeService.swift */ = {isa = PBXFileReference; lastKnownFileType = sourcecode.swift; path = HomeService.swift; sourceTree = "<group>"; };
		87A76AA4295F6EC40096F669 /* HomeAPI.swift */ = {isa = PBXFileReference; lastKnownFileType = sourcecode.swift; path = HomeAPI.swift; sourceTree = "<group>"; };
		87A76AA6295F6ECD0096F669 /* MyService.swift */ = {isa = PBXFileReference; lastKnownFileType = sourcecode.swift; path = MyService.swift; sourceTree = "<group>"; };
		87A76AA8295F6ED70096F669 /* MyAPI.swift */ = {isa = PBXFileReference; lastKnownFileType = sourcecode.swift; path = MyAPI.swift; sourceTree = "<group>"; };
		87A76AAA295F6EDE0096F669 /* RecordService.swift */ = {isa = PBXFileReference; lastKnownFileType = sourcecode.swift; path = RecordService.swift; sourceTree = "<group>"; };
		87A76AAC295F6EE70096F669 /* RescordAPI.swift */ = {isa = PBXFileReference; lastKnownFileType = sourcecode.swift; path = RescordAPI.swift; sourceTree = "<group>"; };
		87A76ABE2960423C0096F669 /* GenericResponse.swift */ = {isa = PBXFileReference; lastKnownFileType = sourcecode.swift; path = GenericResponse.swift; sourceTree = "<group>"; };
		87A76AC22960427C0096F669 /* APIConstants.swift */ = {isa = PBXFileReference; lastKnownFileType = sourcecode.swift; path = APIConstants.swift; sourceTree = "<group>"; };
		87A76AC7296043090096F669 /* MoyaLoggerPlugin.swift */ = {isa = PBXFileReference; lastKnownFileType = sourcecode.swift; path = MoyaLoggerPlugin.swift; sourceTree = "<group>"; };
		87B6623D29521E7500B6FFA9 /* ZOOC.app */ = {isa = PBXFileReference; explicitFileType = wrapper.application; includeInIndex = 0; path = ZOOC.app; sourceTree = BUILT_PRODUCTS_DIR; };
		87B6624029521E7500B6FFA9 /* AppDelegate.swift */ = {isa = PBXFileReference; lastKnownFileType = sourcecode.swift; path = AppDelegate.swift; sourceTree = "<group>"; };
		87B6624229521E7500B6FFA9 /* SceneDelegate.swift */ = {isa = PBXFileReference; lastKnownFileType = sourcecode.swift; path = SceneDelegate.swift; sourceTree = "<group>"; };
		87B6624929521E7600B6FFA9 /* Assets.xcassets */ = {isa = PBXFileReference; lastKnownFileType = folder.assetcatalog; path = Assets.xcassets; sourceTree = "<group>"; };
		87B6624C29521E7600B6FFA9 /* Base */ = {isa = PBXFileReference; lastKnownFileType = file.storyboard; name = Base; path = Base.lproj/LaunchScreen.storyboard; sourceTree = "<group>"; };
		87B6624E29521E7600B6FFA9 /* Info.plist */ = {isa = PBXFileReference; lastKnownFileType = text.plist.xml; path = Info.plist; sourceTree = "<group>"; };
		87D368772964C961009728FC /* Empty.md */ = {isa = PBXFileReference; lastKnownFileType = net.daringfireball.markdown; path = Empty.md; sourceTree = "<group>"; };
		87D3687B2964C979009728FC /* Empty.md */ = {isa = PBXFileReference; lastKnownFileType = net.daringfireball.markdown; path = Empty.md; sourceTree = "<group>"; };
		87D3687D2964C981009728FC /* Empty.md */ = {isa = PBXFileReference; lastKnownFileType = net.daringfireball.markdown; path = Empty.md; sourceTree = "<group>"; };
		87D368842964CB8F009728FC /* Empty.md */ = {isa = PBXFileReference; lastKnownFileType = net.daringfireball.markdown; path = Empty.md; sourceTree = "<group>"; };
		87D5AF5529605C0100CA7F12 /* URLs.swift */ = {isa = PBXFileReference; lastKnownFileType = sourcecode.swift; path = URLs.swift; sourceTree = "<group>"; };
		87D5AF5929606AC900CA7F12 /* NetworkResult.swift */ = {isa = PBXFileReference; lastKnownFileType = sourcecode.swift; path = NetworkResult.swift; sourceTree = "<group>"; };
		87D5AF5B29606AFC00CA7F12 /* BaseTargetType.swift */ = {isa = PBXFileReference; lastKnownFileType = sourcecode.swift; path = BaseTargetType.swift; sourceTree = "<group>"; };
		87D5AF5F2960CD5900CA7F12 /* HomeMissionCollectionViewCell.swift */ = {isa = PBXFileReference; lastKnownFileType = sourcecode.swift; path = HomeMissionCollectionViewCell.swift; sourceTree = "<group>"; };
		87D5AF612960CFE500CA7F12 /* HomeGuideCollectionViewCell.swift */ = {isa = PBXFileReference; lastKnownFileType = sourcecode.swift; path = HomeGuideCollectionViewCell.swift; sourceTree = "<group>"; };
		87D5AF6329649DC100CA7F12 /* HomeViewController.swift */ = {isa = PBXFileReference; lastKnownFileType = sourcecode.swift; path = HomeViewController.swift; sourceTree = "<group>"; };
		D23502E12961898C00F01101 /* ProfileView.swift */ = {isa = PBXFileReference; lastKnownFileType = sourcecode.swift; name = ProfileView.swift; path = ZOOC/Presentation/My/View/ProfileView.swift; sourceTree = SOURCE_ROOT; };
		D23502E92961969100F01101 /* FamilyCollectionView.swift */ = {isa = PBXFileReference; lastKnownFileType = sourcecode.swift; name = FamilyCollectionView.swift; path = ZOOC/Presentation/My/View/FamilyCollectionView.swift; sourceTree = SOURCE_ROOT; };
		D23502EB296197C700F01101 /* PetCollectionView.swift */ = {isa = PBXFileReference; lastKnownFileType = sourcecode.swift; path = PetCollectionView.swift; sourceTree = "<group>"; };
		D23502EE29619D3200F01101 /* FamilyCollectionViewCell.swift */ = {isa = PBXFileReference; lastKnownFileType = sourcecode.swift; path = FamilyCollectionViewCell.swift; sourceTree = "<group>"; };
		D23502F029619D4700F01101 /* PetCollectionViewCell.swift */ = {isa = PBXFileReference; lastKnownFileType = sourcecode.swift; path = PetCollectionViewCell.swift; sourceTree = "<group>"; };
		D23502F42961A69E00F01101 /* MyView.swift */ = {isa = PBXFileReference; lastKnownFileType = sourcecode.swift; path = MyView.swift; sourceTree = "<group>"; };
		D23502F82961F34100F01101 /* SettingMenuTableView.swift */ = {isa = PBXFileReference; lastKnownFileType = sourcecode.swift; path = SettingMenuTableView.swift; sourceTree = "<group>"; };
		D23502FA2961F44700F01101 /* SettingMenuTableViewCell.swift */ = {isa = PBXFileReference; lastKnownFileType = sourcecode.swift; path = SettingMenuTableViewCell.swift; sourceTree = "<group>"; };
		D23502FC2961F85100F01101 /* SettingMenuModel.swift */ = {isa = PBXFileReference; lastKnownFileType = sourcecode.swift; name = SettingMenuModel.swift; path = ZOOC/Presentation/My/Cell/SettingMenuModel.swift; sourceTree = SOURCE_ROOT; };
		D23503002964702400F01101 /* AppInformationView.swift */ = {isa = PBXFileReference; lastKnownFileType = sourcecode.swift; path = AppInformationView.swift; sourceTree = "<group>"; };
		D23503022964728700F01101 /* AppInformationTableViewCell.swift */ = {isa = PBXFileReference; lastKnownFileType = sourcecode.swift; path = AppInformationTableViewCell.swift; sourceTree = "<group>"; };
		D23503042964743100F01101 /* AppInformationModel.swift */ = {isa = PBXFileReference; lastKnownFileType = sourcecode.swift; name = AppInformationModel.swift; path = ZOOC/Presentation/My/Cell/AppInformationModel.swift; sourceTree = SOURCE_ROOT; };
		D235030629647B4200F01101 /* AppInformationViewController.swift */ = {isa = PBXFileReference; lastKnownFileType = sourcecode.swift; path = AppInformationViewController.swift; sourceTree = "<group>"; };
		D2350308296490A700F01101 /* EditProfileView.swift */ = {isa = PBXFileReference; lastKnownFileType = sourcecode.swift; path = EditProfileView.swift; sourceTree = "<group>"; };
		D235030A2964991700F01101 /* EditProfileViewController.swift */ = {isa = PBXFileReference; lastKnownFileType = sourcecode.swift; path = EditProfileViewController.swift; sourceTree = "<group>"; };
		D26C85CE2968681900AEAF9B /* PetCollectionFooterView.swift */ = {isa = PBXFileReference; lastKnownFileType = sourcecode.swift; path = PetCollectionFooterView.swift; sourceTree = "<group>"; };
		D26C85D0296869DD00AEAF9B /* UICollectionReusableView+.swift */ = {isa = PBXFileReference; lastKnownFileType = sourcecode.swift; path = "UICollectionReusableView+.swift"; sourceTree = "<group>"; };
		D26C85D6296888D000AEAF9B /* DeleteAccountView.swift */ = {isa = PBXFileReference; lastKnownFileType = sourcecode.swift; path = DeleteAccountView.swift; sourceTree = "<group>"; };
		D26C85D829689D0800AEAF9B /* DeleteAccountAlertViewController.swift */ = {isa = PBXFileReference; lastKnownFileType = sourcecode.swift; path = DeleteAccountAlertViewController.swift; sourceTree = "<group>"; };
		D26C85DA2968A12000AEAF9B /* MyNoticeSettingView.swift */ = {isa = PBXFileReference; lastKnownFileType = sourcecode.swift; path = MyNoticeSettingView.swift; sourceTree = "<group>"; };
		D26C85DC2968B0A500AEAF9B /* MyNoticeSettingViewController.swift */ = {isa = PBXFileReference; lastKnownFileType = sourcecode.swift; path = MyNoticeSettingViewController.swift; sourceTree = "<group>"; };
		D26C85DE2968C26500AEAF9B /* OnboardingLoginView.swift */ = {isa = PBXFileReference; lastKnownFileType = sourcecode.swift; path = OnboardingLoginView.swift; sourceTree = "<group>"; };
		D26C85E02968C63F00AEAF9B /* OnboardingLoginViewController.swift */ = {isa = PBXFileReference; lastKnownFileType = sourcecode.swift; path = OnboardingLoginViewController.swift; sourceTree = "<group>"; };
		D26C85E22968C88800AEAF9B /* OnboardingAgreementView.swift */ = {isa = PBXFileReference; lastKnownFileType = sourcecode.swift; path = OnboardingAgreementView.swift; sourceTree = "<group>"; };
		D26C85E42968CB2F00AEAF9B /* OnboardingAgreementTableViewCell.swift */ = {isa = PBXFileReference; lastKnownFileType = sourcecode.swift; path = OnboardingAgreementTableViewCell.swift; sourceTree = "<group>"; };
		D26C85E72968CD8E00AEAF9B /* OnboardingAgreementViewController.swift */ = {isa = PBXFileReference; lastKnownFileType = sourcecode.swift; path = OnboardingAgreementViewController.swift; sourceTree = "<group>"; };
		D26C85E92968CF7E00AEAF9B /* OnboardingAgreementModel.swift */ = {isa = PBXFileReference; lastKnownFileType = sourcecode.swift; path = OnboardingAgreementModel.swift; sourceTree = "<group>"; };
		D26C85EB2968D2E100AEAF9B /* OnboardingAgreementTableHeaderView.swift */ = {isa = PBXFileReference; lastKnownFileType = sourcecode.swift; path = OnboardingAgreementTableHeaderView.swift; sourceTree = "<group>"; };
		D26C85ED2968D51F00AEAF9B /* UITableViewHeaderFooterView+.swift */ = {isa = PBXFileReference; lastKnownFileType = sourcecode.swift; path = "UITableViewHeaderFooterView+.swift"; sourceTree = "<group>"; };
		D26C85EF29693C8500AEAF9B /* OnboardingWelcomeView.swift */ = {isa = PBXFileReference; lastKnownFileType = sourcecode.swift; path = OnboardingWelcomeView.swift; sourceTree = "<group>"; };
		D26C85F129693CFA00AEAF9B /* OnboardingWelcomeViewController.swift */ = {isa = PBXFileReference; lastKnownFileType = sourcecode.swift; path = OnboardingWelcomeViewController.swift; sourceTree = "<group>"; };
		D26C85F3296946C200AEAF9B /* OnboardingSecondaryWelcomeView.swift */ = {isa = PBXFileReference; lastKnownFileType = sourcecode.swift; path = OnboardingSecondaryWelcomeView.swift; sourceTree = "<group>"; };
		D26C85F5296AFD8F00AEAF9B /* OnboardingSecondaryWelcomeViewController.swift */ = {isa = PBXFileReference; lastKnownFileType = sourcecode.swift; path = OnboardingSecondaryWelcomeViewController.swift; sourceTree = "<group>"; };
		D26C85F7296B0B4E00AEAF9B /* OnboardingChooseFamilyRoleView.swift */ = {isa = PBXFileReference; lastKnownFileType = sourcecode.swift; path = OnboardingChooseFamilyRoleView.swift; sourceTree = "<group>"; };
		D26C85F9296B109500AEAF9B /* OnboardingChooseFamilyRoleViewController.swift */ = {isa = PBXFileReference; lastKnownFileType = sourcecode.swift; path = OnboardingChooseFamilyRoleViewController.swift; sourceTree = "<group>"; };
		D26C85FB296B21A500AEAF9B /* OnboardingRegisterProfileImageView.swift */ = {isa = PBXFileReference; lastKnownFileType = sourcecode.swift; path = OnboardingRegisterProfileImageView.swift; sourceTree = "<group>"; };
		D26C85FD296B253600AEAF9B /* OnboardingRegisterProfileImageViewController.swift */ = {isa = PBXFileReference; lastKnownFileType = sourcecode.swift; path = OnboardingRegisterProfileImageViewController.swift; sourceTree = "<group>"; };
		D26C85FF296B27B100AEAF9B /* OnboardingCompleteProfileView.swift */ = {isa = PBXFileReference; lastKnownFileType = sourcecode.swift; path = OnboardingCompleteProfileView.swift; sourceTree = "<group>"; };
		D26C8601296B285700AEAF9B /* OnboardingCompleteProfileViewController.swift */ = {isa = PBXFileReference; lastKnownFileType = sourcecode.swift; path = OnboardingCompleteProfileViewController.swift; sourceTree = "<group>"; };
		D26C8603296B2F1B00AEAF9B /* OnboardingSecondaryCompleteProfileView.swift */ = {isa = PBXFileReference; lastKnownFileType = sourcecode.swift; path = OnboardingSecondaryCompleteProfileView.swift; sourceTree = "<group>"; };
		D26C8605296B2F4B00AEAF9B /* OnboardingSecondaryCompleteProfileViewController.swift */ = {isa = PBXFileReference; lastKnownFileType = sourcecode.swift; path = OnboardingSecondaryCompleteProfileViewController.swift; sourceTree = "<group>"; };
		D26C8607296B585600AEAF9B /* OnboardingParticipateView.swift */ = {isa = PBXFileReference; lastKnownFileType = sourcecode.swift; path = OnboardingParticipateView.swift; sourceTree = "<group>"; };
		D26C8609296B5C7400AEAF9B /* OnboardingParticipateViewController.swift */ = {isa = PBXFileReference; lastKnownFileType = sourcecode.swift; path = OnboardingParticipateViewController.swift; sourceTree = "<group>"; };
		D26C860B296B650900AEAF9B /* OnboardingParticipateCompletedView.swift */ = {isa = PBXFileReference; lastKnownFileType = sourcecode.swift; path = OnboardingParticipateCompletedView.swift; sourceTree = "<group>"; };
		D26C860D296B6E8600AEAF9B /* UILabel+.swift */ = {isa = PBXFileReference; lastKnownFileType = sourcecode.swift; path = "UILabel+.swift"; sourceTree = "<group>"; };
		D26C860F296B761900AEAF9B /* OnboardingParticipateCompletedViewController.swift */ = {isa = PBXFileReference; lastKnownFileType = sourcecode.swift; path = OnboardingParticipateCompletedViewController.swift; sourceTree = "<group>"; };
		D26C8611296B7CA500AEAF9B /* OnboardingRegisterPetView.swift */ = {isa = PBXFileReference; lastKnownFileType = sourcecode.swift; path = OnboardingRegisterPetView.swift; sourceTree = "<group>"; };
		D26C8613296B7F3E00AEAF9B /* OnboardingRegisterPetTableViewCell.swift */ = {isa = PBXFileReference; lastKnownFileType = sourcecode.swift; path = OnboardingRegisterPetTableViewCell.swift; sourceTree = "<group>"; };
		D26C8615296BEF9800AEAF9B /* OnboardingRegisterPetViewController.swift */ = {isa = PBXFileReference; lastKnownFileType = sourcecode.swift; path = OnboardingRegisterPetViewController.swift; sourceTree = "<group>"; };
		D26C8619296C0FC800AEAF9B /* OnboardingPetRegisterModel.swift */ = {isa = PBXFileReference; lastKnownFileType = sourcecode.swift; path = OnboardingPetRegisterModel.swift; sourceTree = "<group>"; };
		D26C861B296C1A8A00AEAF9B /* OnboardingRegisterPetTableFooterView.swift */ = {isa = PBXFileReference; lastKnownFileType = sourcecode.swift; path = OnboardingRegisterPetTableFooterView.swift; sourceTree = "<group>"; };
		D27D955F296C9F5D0097CD03 /* OnboardingInviteFamilyView.swift */ = {isa = PBXFileReference; lastKnownFileType = sourcecode.swift; path = OnboardingInviteFamilyView.swift; sourceTree = "<group>"; };
		D27D9561296CA4640097CD03 /* OnboardingInviteFamilyViewController.swift */ = {isa = PBXFileReference; lastKnownFileType = sourcecode.swift; path = OnboardingInviteFamilyViewController.swift; sourceTree = "<group>"; };
		D27D9563296CA9720097CD03 /* OnboardingInviteCompletedFamilyView.swift */ = {isa = PBXFileReference; lastKnownFileType = sourcecode.swift; path = OnboardingInviteCompletedFamilyView.swift; sourceTree = "<group>"; };
		D27D9565296CA99B0097CD03 /* OnboardingInviteFamilyCompletedViewController.swift */ = {isa = PBXFileReference; lastKnownFileType = sourcecode.swift; path = OnboardingInviteFamilyCompletedViewController.swift; sourceTree = "<group>"; };
		D27D9567296CB5930097CD03 /* OnboardingReInviteFamilyView.swift */ = {isa = PBXFileReference; lastKnownFileType = sourcecode.swift; path = OnboardingReInviteFamilyView.swift; sourceTree = "<group>"; };
		D27D9569296CB6030097CD03 /* OnboardingReInviteFamilyViewController.swift */ = {isa = PBXFileReference; lastKnownFileType = sourcecode.swift; path = OnboardingReInviteFamilyViewController.swift; sourceTree = "<group>"; };
		D27D956B296CBA2D0097CD03 /* UIButton+.swift */ = {isa = PBXFileReference; lastKnownFileType = sourcecode.swift; path = "UIButton+.swift"; sourceTree = "<group>"; };
		D2F98F9C2967154D00CC82DE /* MyAlertViewController.swift */ = {isa = PBXFileReference; lastKnownFileType = sourcecode.swift; path = MyAlertViewController.swift; sourceTree = "<group>"; };
		D2F98F9E29676E3300CC82DE /* UINavigationController+.swift */ = {isa = PBXFileReference; lastKnownFileType = sourcecode.swift; path = "UINavigationController+.swift"; sourceTree = "<group>"; };
		D2F98FA4296782AE00CC82DE /* MyProfileModel.swift */ = {isa = PBXFileReference; lastKnownFileType = sourcecode.swift; path = MyProfileModel.swift; sourceTree = "<group>"; };
		D2F98FA62967939100CC82DE /* MemberModel.swift */ = {isa = PBXFileReference; lastKnownFileType = sourcecode.swift; path = MemberModel.swift; sourceTree = "<group>"; };
/* End PBXFileReference section */

/* Begin PBXFrameworksBuildPhase section */
		87B6623A29521E7500B6FFA9 /* Frameworks */ = {
			isa = PBXFrameworksBuildPhase;
			buildActionMask = 2147483647;
			files = (
				8764833B29523C0100F74882 /* Kingfisher in Frameworks */,
				8782C7DA296857A600C9324B /* KakaoSDKShare in Frameworks */,
				8764833229523BBD00F74882 /* SnapKit in Frameworks */,
				8782C7DF29685D7F00C9324B /* FirebaseFirestore in Frameworks */,
				8764833529523BCA00F74882 /* Then in Frameworks */,
				8782C7DD29685D7F00C9324B /* FirebaseAuth in Frameworks */,
				87A76ABA295F760C0096F669 /* KakaoSDKUser in Frameworks */,
				8764833829523BEE00F74882 /* Moya in Frameworks */,
				87A76AB8295F760C0096F669 /* KakaoSDKCommon in Frameworks */,
				8782C7E129685D7F00C9324B /* FirebaseMessaging in Frameworks */,
				87A76AB6295F760C0096F669 /* KakaoSDKAuth in Frameworks */,
			);
			runOnlyForDeploymentPostprocessing = 0;
		};
/* End PBXFrameworksBuildPhase section */

/* Begin PBXGroup section */
		87648315295234C100F74882 /* Extension */ = {
			isa = PBXGroup;
			children = (
				8764831C2952368100F74882 /* UIView+.swift */,
				8764831A2952367400F74882 /* UIViewController+.swift */,
				8764831E2952368800F74882 /* UITableViewCell+.swift */,
				876483202952369500F74882 /* UICollectionViewCell+.swift */,
				876483262952370F00F74882 /* UIStackView+.swift */,
				8764832A295238EB00F74882 /* UITextField+.swift */,
				87648328295237B500F74882 /* Adjusted+.swift */,
				87648324295236BE00F74882 /* UIFont+.swift */,
				87648322295236B700F74882 /* UIColor+.swift */,
				D2F98F9E29676E3300CC82DE /* UINavigationController+.swift */,
				D26C85D0296869DD00AEAF9B /* UICollectionReusableView+.swift */,
				D26C85ED2968D51F00AEAF9B /* UITableViewHeaderFooterView+.swift */,
				D26C860D296B6E8600AEAF9B /* UILabel+.swift */,
				D27D956B296CBA2D0097CD03 /* UIButton+.swift */,
				871EA33D296F529C00D0E8CC /* UIImageView+.swift */,
			);
			path = Extension;
			sourceTree = "<group>";
		};
		876483162952351500F74882 /* Global */ = {
			isa = PBXGroup;
			children = (
				876483172952355A00F74882 /* Constant */,
				87648315295234C100F74882 /* Extension */,
			);
			path = Global;
			sourceTree = "<group>";
		};
		876483172952355A00F74882 /* Constant */ = {
			isa = PBXGroup;
			children = (
				876483182952366A00F74882 /* Image.swift */,
				87D5AF5529605C0100CA7F12 /* URLs.swift */,
			);
			path = Constant;
			sourceTree = "<group>";
		};
		8765549D295846E7006BBDA9 /* Base */ = {
			isa = PBXGroup;
			children = (
				8765549E295846F3006BBDA9 /* ZoocTabBarController.swift */,
				876554A2295848D5006BBDA9 /* BaseViewController.swift */,
			);
			path = Base;
			sourceTree = "<group>";
		};
		876554A02958489F006BBDA9 /* Home */ = {
			isa = PBXGroup;
			children = (
				877E57EC2966AAD3006D82FC /* Cell */,
				8782C7E82969502600C9324B /* View */,
				87A76A8D295F6D840096F669 /* Controller */,
			);
			path = Home;
			sourceTree = "<group>";
		};
		876554A1295848A9006BBDA9 /* My */ = {
			isa = PBXGroup;
			children = (
				D23502ED29619D2000F01101 /* Cell */,
				87A76A8F295F6D8F0096F669 /* View */,
				87A76A90295F6D940096F669 /* Controller */,
			);
			path = My;
			sourceTree = "<group>";
		};
		877BAFBD295EA09C00C2AA1C /* Record */ = {
			isa = PBXGroup;
			children = (
				87A76A93295F6DB10096F669 /* View */,
				87A76A95295F6DBB0096F669 /* Controller */,
			);
			path = Record;
			sourceTree = "<group>";
		};
		877BAFBE295EA0D300C2AA1C /* Onboarding */ = {
			isa = PBXGroup;
			children = (
				D26C85E62968CB3900AEAF9B /* Cell */,
				87A76A8C295F6D7E0096F669 /* View */,
				87A76A8B295F6D780096F669 /* Controller */,
			);
			path = Onboarding;
			sourceTree = "<group>";
		};
		877C69762953A8BB00D9D7AF /* Base */ = {
			isa = PBXGroup;
			children = (
				87A76ABE2960423C0096F669 /* GenericResponse.swift */,
				87A76AC22960427C0096F669 /* APIConstants.swift */,
				87A76AC7296043090096F669 /* MoyaLoggerPlugin.swift */,
				87D5AF5929606AC900CA7F12 /* NetworkResult.swift */,
				87D5AF5B29606AFC00CA7F12 /* BaseTargetType.swift */,
			);
			path = Base;
			sourceTree = "<group>";
		};
		877E57EC2966AAD3006D82FC /* Cell */ = {
			isa = PBXGroup;
			children = (
				87D5AF612960CFE500CA7F12 /* HomeGuideCollectionViewCell.swift */,
				87D5AF5F2960CD5900CA7F12 /* HomeMissionCollectionViewCell.swift */,
				8782C7E32968B03500C9324B /* HomePetCollectionViewCell.swift */,
				877E57ED2966AAE6006D82FC /* HomeArchiveListCollectionViewCell.swift */,
				8782C7EE296C41B200C9324B /* HomeArchiveGridCollectionViewCell.swift */,
				8782C7F2296CC13A00C9324B /* HomeCommentCollectionViewCell.swift */,
			);
			path = Cell;
			sourceTree = "<group>";
		};
		8782C7D62967997100C9324B /* Recovered References */ = {
			isa = PBXGroup;
			children = (
				877E57EA2966332F006D82FC /* MemberModel.swift */,
			);
			name = "Recovered References";
			sourceTree = "<group>";
		};
		8782C7D72967998D00C9324B /* Model */ = {
			isa = PBXGroup;
			children = (
				8782C7E52968C0F000C9324B /* HomePetModel.swift */,
				877E57EF2966C046006D82FC /* HomeArchiveModel.swift */,
				8782C7F0296CADE300C9324B /* HomeDetailArchiveModel.swift */,
			);
			path = Model;
			sourceTree = "<group>";
		};
		8782C7D8296857A600C9324B /* Frameworks */ = {
			isa = PBXGroup;
			children = (
			);
			name = Frameworks;
			sourceTree = "<group>";
		};
		8782C7E82969502600C9324B /* View */ = {
			isa = PBXGroup;
			children = (
				8782C7EA296AC58B00C9324B /* HomeArchiveIndicatorView.swift */,
				8782C7F4296DB7FC00C9324B /* HomeDetailArchiveCommentTextField.swift */,
			);
			path = View;
			sourceTree = "<group>";
		};
		87A76A88295F6CEC0096F669 /* Practice */ = {
			isa = PBXGroup;
			children = (
				87A76A89295F6D0A0096F669 /* PracticeViewController.swift */,
			);
			path = Practice;
			sourceTree = "<group>";
		};
		87A76A8B295F6D780096F669 /* Controller */ = {
			isa = PBXGroup;
			children = (
				D26C85E02968C63F00AEAF9B /* OnboardingLoginViewController.swift */,
				D26C85E72968CD8E00AEAF9B /* OnboardingAgreementViewController.swift */,
				D26C85F129693CFA00AEAF9B /* OnboardingWelcomeViewController.swift */,
				D26C85F5296AFD8F00AEAF9B /* OnboardingSecondaryWelcomeViewController.swift */,
				D26C85F9296B109500AEAF9B /* OnboardingChooseFamilyRoleViewController.swift */,
				D26C85FD296B253600AEAF9B /* OnboardingRegisterProfileImageViewController.swift */,
				D26C8601296B285700AEAF9B /* OnboardingCompleteProfileViewController.swift */,
				D26C8605296B2F4B00AEAF9B /* OnboardingSecondaryCompleteProfileViewController.swift */,
				D26C8609296B5C7400AEAF9B /* OnboardingParticipateViewController.swift */,
				D26C860F296B761900AEAF9B /* OnboardingParticipateCompletedViewController.swift */,
				D26C8615296BEF9800AEAF9B /* OnboardingRegisterPetViewController.swift */,
				D27D9561296CA4640097CD03 /* OnboardingInviteFamilyViewController.swift */,
				D27D9569296CB6030097CD03 /* OnboardingReInviteFamilyViewController.swift */,
				D27D9565296CA99B0097CD03 /* OnboardingInviteFamilyCompletedViewController.swift */,
			);
			path = Controller;
			sourceTree = "<group>";
		};
		87A76A8C295F6D7E0096F669 /* View */ = {
			isa = PBXGroup;
			children = (
				878EE32E2965B2EF0071DCAC /* Empty.md */,
				D26C85DE2968C26500AEAF9B /* OnboardingLoginView.swift */,
				D26C85E22968C88800AEAF9B /* OnboardingAgreementView.swift */,
				D26C85EF29693C8500AEAF9B /* OnboardingWelcomeView.swift */,
				D26C85F3296946C200AEAF9B /* OnboardingSecondaryWelcomeView.swift */,
				D26C85F7296B0B4E00AEAF9B /* OnboardingChooseFamilyRoleView.swift */,
				D26C85FB296B21A500AEAF9B /* OnboardingRegisterProfileImageView.swift */,
				D26C85FF296B27B100AEAF9B /* OnboardingCompleteProfileView.swift */,
				D26C8603296B2F1B00AEAF9B /* OnboardingSecondaryCompleteProfileView.swift */,
				D26C8607296B585600AEAF9B /* OnboardingParticipateView.swift */,
				D26C860B296B650900AEAF9B /* OnboardingParticipateCompletedView.swift */,
				D26C8611296B7CA500AEAF9B /* OnboardingRegisterPetView.swift */,
				D27D955F296C9F5D0097CD03 /* OnboardingInviteFamilyView.swift */,
				D27D9567296CB5930097CD03 /* OnboardingReInviteFamilyView.swift */,
				D27D9563296CA9720097CD03 /* OnboardingInviteCompletedFamilyView.swift */,
			);
			path = View;
			sourceTree = "<group>";
		};
		87A76A8D295F6D840096F669 /* Controller */ = {
			isa = PBXGroup;
			children = (
				876554A429584912006BBDA9 /* HomeGuideViewController.swift */,
				87D5AF6329649DC100CA7F12 /* HomeViewController.swift */,
				877E57F12966D13E006D82FC /* HomeDetailArchiveViewController.swift */,
			);
			path = Controller;
			sourceTree = "<group>";
		};
		87A76A8F295F6D8F0096F669 /* View */ = {
			isa = PBXGroup;
			children = (
				D23502E12961898C00F01101 /* ProfileView.swift */,
				D23502EB296197C700F01101 /* PetCollectionView.swift */,
				D23502F42961A69E00F01101 /* MyView.swift */,
				D23503002964702400F01101 /* AppInformationView.swift */,
				D23502E92961969100F01101 /* FamilyCollectionView.swift */,
				D23502F82961F34100F01101 /* SettingMenuTableView.swift */,
				D2350308296490A700F01101 /* EditProfileView.swift */,
				D2F98F9C2967154D00CC82DE /* MyAlertViewController.swift */,
				D26C85D6296888D000AEAF9B /* DeleteAccountView.swift */,
				D26C85D829689D0800AEAF9B /* DeleteAccountAlertViewController.swift */,
				D26C85DA2968A12000AEAF9B /* MyNoticeSettingView.swift */,
			);
			path = View;
			sourceTree = "<group>";
		};
		87A76A90295F6D940096F669 /* Controller */ = {
			isa = PBXGroup;
			children = (
				876554A62958494B006BBDA9 /* MyViewController.swift */,
				D235030629647B4200F01101 /* AppInformationViewController.swift */,
				D235030A2964991700F01101 /* EditProfileViewController.swift */,
				4C94035D2962F5470003A9BF /* MyFamilyInviteViewController.swift */,
				4C94035F2964695A0003A9BF /* MyInviteCompleteViewController.swift */,
				D26C85DC2968B0A500AEAF9B /* MyNoticeSettingViewController.swift */,
			);
			path = Controller;
			sourceTree = "<group>";
		};
		87A76A93295F6DB10096F669 /* View */ = {
			isa = PBXGroup;
			children = (
				4C6B1867296B930B0059840D /* RecordRegisterCollectionViewCell.swift */,
				4C6B1869296C82850059840D /* RecordRegisterFourCollectionViewCell.swift */,
			);
			path = View;
			sourceTree = "<group>";
		};
		87A76A95295F6DBB0096F669 /* Controller */ = {
			isa = PBXGroup;
			children = (
				87A76A91295F6DA50096F669 /* RecordViewController.swift */,
				4C6B186D296DBFE40059840D /* RecordAlertViewController.swift */,
				4C6B1861296B69070059840D /* RecordRegisterViewController.swift */,
				4C6B186B296CB8730059840D /* RecordCompleteViewController.swift */,
			);
			path = Controller;
			sourceTree = "<group>";
		};
		87A76A96295F6DE50096F669 /* Onboarding */ = {
			isa = PBXGroup;
			children = (
				87A76ABD295F775C0096F669 /* Model */,
				87A76ABC295F77530096F669 /* APIModel */,
				D26C8619296C0FC800AEAF9B /* OnboardingPetRegisterModel.swift */,
			);
			path = Onboarding;
			sourceTree = "<group>";
		};
		87A76A97295F6DFF0096F669 /* Record */ = {
			isa = PBXGroup;
			children = (
				87A76AB3295F6F180096F669 /* Model */,
				87A76AB0295F6F090096F669 /* APIModel */,
			);
			path = Record;
			sourceTree = "<group>";
		};
		87A76A98295F6E050096F669 /* My */ = {
			isa = PBXGroup;
			children = (
				87A76AB2295F6F140096F669 /* Model */,
				87A76AAF295F6F040096F669 /* APIModel */,
			);
			path = My;
			sourceTree = "<group>";
		};
		87A76A99295F6E0A0096F669 /* Home */ = {
			isa = PBXGroup;
			children = (
				8782C7D72967998D00C9324B /* Model */,
				87A76AAE295F6EF80096F669 /* APIModel */,
			);
			path = Home;
			sourceTree = "<group>";
		};
		87A76A9A295F6E540096F669 /* Onboarding */ = {
			isa = PBXGroup;
			children = (
				87A76A9E295F6EA30096F669 /* OnboardingService.swift */,
				87A76AA0295F6EA90096F669 /* OnboardingAPI.swift */,
			);
			path = Onboarding;
			sourceTree = "<group>";
		};
		87A76A9B295F6E640096F669 /* Home */ = {
			isa = PBXGroup;
			children = (
				87A76AA2295F6EB80096F669 /* HomeService.swift */,
				87A76AA4295F6EC40096F669 /* HomeAPI.swift */,
			);
			path = Home;
			sourceTree = "<group>";
		};
		87A76A9C295F6E680096F669 /* Record */ = {
			isa = PBXGroup;
			children = (
				87A76AAA295F6EDE0096F669 /* RecordService.swift */,
				87A76AAC295F6EE70096F669 /* RescordAPI.swift */,
			);
			path = Record;
			sourceTree = "<group>";
		};
		87A76A9D295F6E6F0096F669 /* My */ = {
			isa = PBXGroup;
			children = (
				87A76AA6295F6ECD0096F669 /* MyService.swift */,
				87A76AA8295F6ED70096F669 /* MyAPI.swift */,
			);
			path = My;
			sourceTree = "<group>";
		};
		87A76AAE295F6EF80096F669 /* APIModel */ = {
			isa = PBXGroup;
			children = (
				871EA33B296F3E6200D0E8CC /* PetResult.swift */,
			);
			path = APIModel;
			sourceTree = "<group>";
		};
		87A76AAF295F6F040096F669 /* APIModel */ = {
			isa = PBXGroup;
			children = (
				87D3687B2964C979009728FC /* Empty.md */,
			);
			path = APIModel;
			sourceTree = "<group>";
		};
		87A76AB0295F6F090096F669 /* APIModel */ = {
			isa = PBXGroup;
			children = (
				87D3687D2964C981009728FC /* Empty.md */,
			);
			path = APIModel;
			sourceTree = "<group>";
		};
		87A76AB2295F6F140096F669 /* Model */ = {
			isa = PBXGroup;
			children = (
				D23502FC2961F85100F01101 /* SettingMenuModel.swift */,
				D23503042964743100F01101 /* AppInformationModel.swift */,
				D2F98FA62967939100CC82DE /* MemberModel.swift */,
				D2F98FA4296782AE00CC82DE /* MyProfileModel.swift */,
			);
			path = Model;
			sourceTree = "<group>";
		};
		87A76AB3295F6F180096F669 /* Model */ = {
			isa = PBXGroup;
			children = (
				4C6B185F296B40C00059840D /* RecordModel.swift */,
				4C6B1863296B6C600059840D /* RecordRegisterModel.swift */,
			);
			path = Model;
			sourceTree = "<group>";
		};
		87A76ABC295F77530096F669 /* APIModel */ = {
			isa = PBXGroup;
			children = (
				87D368772964C961009728FC /* Empty.md */,
			);
			path = APIModel;
			sourceTree = "<group>";
		};
		87A76ABD295F775C0096F669 /* Model */ = {
			isa = PBXGroup;
			children = (
				87D368842964CB8F009728FC /* Empty.md */,
				D26C85E92968CF7E00AEAF9B /* OnboardingAgreementModel.swift */,
			);
			path = Model;
			sourceTree = "<group>";
		};
		87B6623429521E7500B6FFA9 = {
			isa = PBXGroup;
			children = (
				87B6623F29521E7500B6FFA9 /* ZOOC */,
				87B6623E29521E7500B6FFA9 /* Products */,
				8782C7D62967997100C9324B /* Recovered References */,
				8782C7D8296857A600C9324B /* Frameworks */,
			);
			sourceTree = "<group>";
		};
		87B6623E29521E7500B6FFA9 /* Products */ = {
			isa = PBXGroup;
			children = (
				87B6623D29521E7500B6FFA9 /* ZOOC.app */,
			);
			name = Products;
			sourceTree = "<group>";
		};
		87B6623F29521E7500B6FFA9 /* ZOOC */ = {
			isa = PBXGroup;
			children = (
				87B6625429521EAC00B6FFA9 /* Application */,
				876483162952351500F74882 /* Global */,
				87B6625629521EBC00B6FFA9 /* Resource */,
				87B6625729521EC200B6FFA9 /* Data */,
				87B6625829521EC900B6FFA9 /* Network */,
				87B6625529521EB400B6FFA9 /* Presentation */,
			);
			path = ZOOC;
			sourceTree = "<group>";
		};
		87B6625429521EAC00B6FFA9 /* Application */ = {
			isa = PBXGroup;
			children = (
				87B6624029521E7500B6FFA9 /* AppDelegate.swift */,
				87B6624229521E7500B6FFA9 /* SceneDelegate.swift */,
				87B6624E29521E7600B6FFA9 /* Info.plist */,
			);
			path = Application;
			sourceTree = "<group>";
		};
		87B6625529521EB400B6FFA9 /* Presentation */ = {
			isa = PBXGroup;
			children = (
				8765549D295846E7006BBDA9 /* Base */,
				877BAFBE295EA0D300C2AA1C /* Onboarding */,
				876554A02958489F006BBDA9 /* Home */,
				876554A1295848A9006BBDA9 /* My */,
				877BAFBD295EA09C00C2AA1C /* Record */,
				87A76A88295F6CEC0096F669 /* Practice */,
			);
			path = Presentation;
			sourceTree = "<group>";
		};
		87B6625629521EBC00B6FFA9 /* Resource */ = {
			isa = PBXGroup;
			children = (
				87B6624929521E7600B6FFA9 /* Assets.xcassets */,
				87B6624B29521E7600B6FFA9 /* LaunchScreen.storyboard */,
				87B6625929521EFF00B6FFA9 /* Font */,
			);
			path = Resource;
			sourceTree = "<group>";
		};
		87B6625729521EC200B6FFA9 /* Data */ = {
			isa = PBXGroup;
			children = (
				87A76A96295F6DE50096F669 /* Onboarding */,
				87A76A99295F6E0A0096F669 /* Home */,
				87A76A98295F6E050096F669 /* My */,
				87A76A97295F6DFF0096F669 /* Record */,
			);
			path = Data;
			sourceTree = "<group>";
		};
		87B6625829521EC900B6FFA9 /* Network */ = {
			isa = PBXGroup;
			children = (
				877C69762953A8BB00D9D7AF /* Base */,
				87A76A9A295F6E540096F669 /* Onboarding */,
				87A76A9B295F6E640096F669 /* Home */,
				87A76A9D295F6E6F0096F669 /* My */,
				87A76A9C295F6E680096F669 /* Record */,
			);
			path = Network;
			sourceTree = "<group>";
		};
		87B6625929521EFF00B6FFA9 /* Font */ = {
			isa = PBXGroup;
			children = (
				877BAFC1295EEA6900C2AA1C /* Pretendard-SemiBold.otf */,
				877BAFC3295EEA7700C2AA1C /* Pretendard-Medium.otf */,
			);
			path = Font;
			sourceTree = "<group>";
		};
		D23502ED29619D2000F01101 /* Cell */ = {
			isa = PBXGroup;
			children = (
				D23502EE29619D3200F01101 /* FamilyCollectionViewCell.swift */,
				D23502F029619D4700F01101 /* PetCollectionViewCell.swift */,
				D23502FA2961F44700F01101 /* SettingMenuTableViewCell.swift */,
				D23503022964728700F01101 /* AppInformationTableViewCell.swift */,
				D26C85CE2968681900AEAF9B /* PetCollectionFooterView.swift */,
			);
			path = Cell;
			sourceTree = "<group>";
		};
		D26C85E62968CB3900AEAF9B /* Cell */ = {
			isa = PBXGroup;
			children = (
				D26C85E42968CB2F00AEAF9B /* OnboardingAgreementTableViewCell.swift */,
				D26C85EB2968D2E100AEAF9B /* OnboardingAgreementTableHeaderView.swift */,
				D26C8613296B7F3E00AEAF9B /* OnboardingRegisterPetTableViewCell.swift */,
				D26C861B296C1A8A00AEAF9B /* OnboardingRegisterPetTableFooterView.swift */,
			);
			path = Cell;
			sourceTree = "<group>";
		};
/* End PBXGroup section */

/* Begin PBXNativeTarget section */
		87B6623C29521E7500B6FFA9 /* ZOOC */ = {
			isa = PBXNativeTarget;
			buildConfigurationList = 87B6625129521E7600B6FFA9 /* Build configuration list for PBXNativeTarget "ZOOC" */;
			buildPhases = (
				87B6623929521E7500B6FFA9 /* Sources */,
				87B6623A29521E7500B6FFA9 /* Frameworks */,
				87B6623B29521E7500B6FFA9 /* Resources */,
			);
			buildRules = (
			);
			dependencies = (
			);
			name = ZOOC;
			packageProductDependencies = (
				8764833129523BBD00F74882 /* SnapKit */,
				8764833429523BCA00F74882 /* Then */,
				8764833729523BEE00F74882 /* Moya */,
				8764833A29523C0100F74882 /* Kingfisher */,
				87A76AB5295F760C0096F669 /* KakaoSDKAuth */,
				87A76AB7295F760C0096F669 /* KakaoSDKCommon */,
				87A76AB9295F760C0096F669 /* KakaoSDKUser */,
				8782C7D9296857A600C9324B /* KakaoSDKShare */,
				8782C7DC29685D7F00C9324B /* FirebaseAuth */,
				8782C7DE29685D7F00C9324B /* FirebaseFirestore */,
				8782C7E029685D7F00C9324B /* FirebaseMessaging */,
			);
			productName = ZOOC;
			productReference = 87B6623D29521E7500B6FFA9 /* ZOOC.app */;
			productType = "com.apple.product-type.application";
		};
/* End PBXNativeTarget section */

/* Begin PBXProject section */
		87B6623529521E7500B6FFA9 /* Project object */ = {
			isa = PBXProject;
			attributes = {
				BuildIndependentTargetsInParallel = 1;
				LastSwiftUpdateCheck = 1410;
				LastUpgradeCheck = 1410;
				TargetAttributes = {
					87B6623C29521E7500B6FFA9 = {
						CreatedOnToolsVersion = 14.1;
					};
				};
			};
			buildConfigurationList = 87B6623829521E7500B6FFA9 /* Build configuration list for PBXProject "ZOOC" */;
			compatibilityVersion = "Xcode 14.0";
			developmentRegion = en;
			hasScannedForEncodings = 0;
			knownRegions = (
				en,
				Base,
			);
			mainGroup = 87B6623429521E7500B6FFA9;
			packageReferences = (
				8764833029523BBD00F74882 /* XCRemoteSwiftPackageReference "SnapKit" */,
				8764833329523BCA00F74882 /* XCRemoteSwiftPackageReference "Then" */,
				8764833629523BEE00F74882 /* XCRemoteSwiftPackageReference "Moya" */,
				8764833929523C0100F74882 /* XCRemoteSwiftPackageReference "Kingfisher" */,
				87A76AB4295F760C0096F669 /* XCRemoteSwiftPackageReference "kakao-ios-sdk" */,
				8782C7DB29685D7F00C9324B /* XCRemoteSwiftPackageReference "firebase-ios-sdk" */,
			);
			productRefGroup = 87B6623E29521E7500B6FFA9 /* Products */;
			projectDirPath = "";
			projectRoot = "";
			targets = (
				87B6623C29521E7500B6FFA9 /* ZOOC */,
			);
		};
/* End PBXProject section */

/* Begin PBXResourcesBuildPhase section */
		87B6623B29521E7500B6FFA9 /* Resources */ = {
			isa = PBXResourcesBuildPhase;
			buildActionMask = 2147483647;
			files = (
				877BAFC2295EEA6900C2AA1C /* Pretendard-SemiBold.otf in Resources */,
				87B6624D29521E7600B6FFA9 /* LaunchScreen.storyboard in Resources */,
				87B6624A29521E7600B6FFA9 /* Assets.xcassets in Resources */,
				877BAFC4295EEA7700C2AA1C /* Pretendard-Medium.otf in Resources */,
			);
			runOnlyForDeploymentPostprocessing = 0;
		};
/* End PBXResourcesBuildPhase section */

/* Begin PBXSourcesBuildPhase section */
		87B6623929521E7500B6FFA9 /* Sources */ = {
			isa = PBXSourcesBuildPhase;
			buildActionMask = 2147483647;
			files = (
				D23503012964702400F01101 /* AppInformationView.swift in Sources */,
				D235030729647B4200F01101 /* AppInformationViewController.swift in Sources */,
				87A76AA3295F6EB80096F669 /* HomeService.swift in Sources */,
				D26C8604296B2F1B00AEAF9B /* OnboardingSecondaryCompleteProfileView.swift in Sources */,
				4C9403602964695A0003A9BF /* MyInviteCompleteViewController.swift in Sources */,
				8764831D2952368100F74882 /* UIView+.swift in Sources */,
				871EA33E296F529C00D0E8CC /* UIImageView+.swift in Sources */,
				D26C8600296B27B100AEAF9B /* OnboardingCompleteProfileView.swift in Sources */,
				8764832B295238EB00F74882 /* UITextField+.swift in Sources */,
				D27D956C296CBA2D0097CD03 /* UIButton+.swift in Sources */,
				87A76A8A295F6D0A0096F669 /* PracticeViewController.swift in Sources */,
				D26C8608296B585600AEAF9B /* OnboardingParticipateView.swift in Sources */,
				87A76A92295F6DA50096F669 /* RecordViewController.swift in Sources */,
				D2F98FA5296782AE00CC82DE /* MyProfileModel.swift in Sources */,
				D26C8606296B2F4B00AEAF9B /* OnboardingSecondaryCompleteProfileViewController.swift in Sources */,
				D2F98FA72967939100CC82DE /* MemberModel.swift in Sources */,
				87648325295236BE00F74882 /* UIFont+.swift in Sources */,
				D26C85DB2968A12000AEAF9B /* MyNoticeSettingView.swift in Sources */,
				D27D9562296CA4640097CD03 /* OnboardingInviteFamilyViewController.swift in Sources */,
				87D5AF602960CD5900CA7F12 /* HomeMissionCollectionViewCell.swift in Sources */,
				87D5AF6429649DC100CA7F12 /* HomeViewController.swift in Sources */,
				87A76AC32960427C0096F669 /* APIConstants.swift in Sources */,
				877E57F02966C046006D82FC /* HomeArchiveModel.swift in Sources */,
				D26C85F4296946C300AEAF9B /* OnboardingSecondaryWelcomeView.swift in Sources */,
				D26C860A296B5C7400AEAF9B /* OnboardingParticipateViewController.swift in Sources */,
				D26C85CF2968681900AEAF9B /* PetCollectionFooterView.swift in Sources */,
				8765549F295846F3006BBDA9 /* ZoocTabBarController.swift in Sources */,
				D26C8602296B285700AEAF9B /* OnboardingCompleteProfileViewController.swift in Sources */,
				D23502F52961A69E00F01101 /* MyView.swift in Sources */,
				D26C8616296BEF9800AEAF9B /* OnboardingRegisterPetViewController.swift in Sources */,
				876554A3295848D6006BBDA9 /* BaseViewController.swift in Sources */,
				4C6B1860296B40C00059840D /* RecordModel.swift in Sources */,
				D23502F92961F34100F01101 /* SettingMenuTableView.swift in Sources */,
				876483212952369500F74882 /* UICollectionViewCell+.swift in Sources */,
				D26C85E82968CD8E00AEAF9B /* OnboardingAgreementViewController.swift in Sources */,
				87A76AAB295F6EDE0096F669 /* RecordService.swift in Sources */,
				D26C85E52968CB2F00AEAF9B /* OnboardingAgreementTableViewCell.swift in Sources */,
				D23503032964728700F01101 /* AppInformationTableViewCell.swift in Sources */,
				8782C7E62968C0F000C9324B /* HomePetModel.swift in Sources */,
				8782C7F3296CC13A00C9324B /* HomeCommentCollectionViewCell.swift in Sources */,
				D23502FB2961F44700F01101 /* SettingMenuTableViewCell.swift in Sources */,
				D26C85D929689D0800AEAF9B /* DeleteAccountAlertViewController.swift in Sources */,
				D26C860C296B650900AEAF9B /* OnboardingParticipateCompletedView.swift in Sources */,
				876554A72958494B006BBDA9 /* MyViewController.swift in Sources */,
				D2350309296490A700F01101 /* EditProfileView.swift in Sources */,
				87B6624129521E7500B6FFA9 /* AppDelegate.swift in Sources */,
				D26C861C296C1A8A00AEAF9B /* OnboardingRegisterPetTableFooterView.swift in Sources */,
				871EA33C296F3E6200D0E8CC /* PetResult.swift in Sources */,
				87A76A9F295F6EA30096F669 /* OnboardingService.swift in Sources */,
				D2F98F9F29676E3300CC82DE /* UINavigationController+.swift in Sources */,
				D23502EA2961969100F01101 /* FamilyCollectionView.swift in Sources */,
				D2F98F9D2967154D00CC82DE /* MyAlertViewController.swift in Sources */,
				D26C85DF2968C26500AEAF9B /* OnboardingLoginView.swift in Sources */,
				4C6B186C296CB8730059840D /* RecordCompleteViewController.swift in Sources */,
				4C6B1864296B6C600059840D /* RecordRegisterModel.swift in Sources */,
				87A76AA1295F6EA90096F669 /* OnboardingAPI.swift in Sources */,
				D26C85F029693C8500AEAF9B /* OnboardingWelcomeView.swift in Sources */,
				D26C85FC296B21A600AEAF9B /* OnboardingRegisterProfileImageView.swift in Sources */,
				D26C85F6296AFD8F00AEAF9B /* OnboardingSecondaryWelcomeViewController.swift in Sources */,
				D23503052964743100F01101 /* AppInformationModel.swift in Sources */,
				D26C85DD2968B0A500AEAF9B /* MyNoticeSettingViewController.swift in Sources */,
				D26C85E12968C63F00AEAF9B /* OnboardingLoginViewController.swift in Sources */,
				D26C85EA2968CF7E00AEAF9B /* OnboardingAgreementModel.swift in Sources */,
				87648329295237B500F74882 /* Adjusted+.swift in Sources */,
				8782C7F1296CADE300C9324B /* HomeDetailArchiveModel.swift in Sources */,
				87A76AA9295F6ED70096F669 /* MyAPI.swift in Sources */,
				D26C85D1296869DD00AEAF9B /* UICollectionReusableView+.swift in Sources */,
				8764831B2952367400F74882 /* UIViewController+.swift in Sources */,
				87A76AC82960430A0096F669 /* MoyaLoggerPlugin.swift in Sources */,
				D26C85EE2968D51F00AEAF9B /* UITableViewHeaderFooterView+.swift in Sources */,
				D26C85F8296B0B4E00AEAF9B /* OnboardingChooseFamilyRoleView.swift in Sources */,
				87D5AF5C29606AFC00CA7F12 /* BaseTargetType.swift in Sources */,
				D27D9564296CA9720097CD03 /* OnboardingInviteCompletedFamilyView.swift in Sources */,
				877E57F22966D13E006D82FC /* HomeDetailArchiveViewController.swift in Sources */,
				4C6B1862296B69070059840D /* RecordRegisterViewController.swift in Sources */,
				87B6624329521E7500B6FFA9 /* SceneDelegate.swift in Sources */,
				87A76ABF2960423C0096F669 /* GenericResponse.swift in Sources */,
				8782C7E42968B03500C9324B /* HomePetCollectionViewCell.swift in Sources */,
				D235030B2964991700F01101 /* EditProfileViewController.swift in Sources */,
				87D5AF5629605C0100CA7F12 /* URLs.swift in Sources */,
				D26C85E32968C88800AEAF9B /* OnboardingAgreementView.swift in Sources */,
				D26C85EC2968D2E100AEAF9B /* OnboardingAgreementTableHeaderView.swift in Sources */,
				D26C85D7296888D000AEAF9B /* DeleteAccountView.swift in Sources */,
				87D5AF5A29606AC900CA7F12 /* NetworkResult.swift in Sources */,
				876554A529584912006BBDA9 /* HomeGuideViewController.swift in Sources */,
				8782C7EF296C41B200C9324B /* HomeArchiveGridCollectionViewCell.swift in Sources */,
				D23502EF29619D3200F01101 /* FamilyCollectionViewCell.swift in Sources */,
				D26C860E296B6E8600AEAF9B /* UILabel+.swift in Sources */,
				D26C861A296C0FC800AEAF9B /* OnboardingPetRegisterModel.swift in Sources */,
				D27D9568296CB5930097CD03 /* OnboardingReInviteFamilyView.swift in Sources */,
				D27D9566296CA99B0097CD03 /* OnboardingInviteFamilyCompletedViewController.swift in Sources */,
				D26C85FA296B109500AEAF9B /* OnboardingChooseFamilyRoleViewController.swift in Sources */,
				4C6B186E296DBFE40059840D /* RecordAlertViewController.swift in Sources */,
				87A76AA5295F6EC40096F669 /* HomeAPI.swift in Sources */,
				87A76AA7295F6ECD0096F669 /* MyService.swift in Sources */,
				D26C8614296B7F3E00AEAF9B /* OnboardingRegisterPetTableViewCell.swift in Sources */,
				D26C85FE296B253600AEAF9B /* OnboardingRegisterProfileImageViewController.swift in Sources */,
				8764831F2952368800F74882 /* UITableViewCell+.swift in Sources */,
				876483272952370F00F74882 /* UIStackView+.swift in Sources */,
				D23502FD2961F85100F01101 /* SettingMenuModel.swift in Sources */,
				D26C85F229693CFA00AEAF9B /* OnboardingWelcomeViewController.swift in Sources */,
				876483192952366A00F74882 /* Image.swift in Sources */,
				4C6B1868296B930B0059840D /* RecordRegisterCollectionViewCell.swift in Sources */,
				87648323295236B700F74882 /* UIColor+.swift in Sources */,
				D27D9560296C9F5D0097CD03 /* OnboardingInviteFamilyView.swift in Sources */,
				4C94035E2962F5470003A9BF /* MyFamilyInviteViewController.swift in Sources */,
				8782C7F5296DB7FC00C9324B /* HomeDetailArchiveCommentTextField.swift in Sources */,
				87D5AF622960CFE500CA7F12 /* HomeGuideCollectionViewCell.swift in Sources */,
				4C6B186A296C82850059840D /* RecordRegisterFourCollectionViewCell.swift in Sources */,
				D23502E22961898C00F01101 /* ProfileView.swift in Sources */,
				D27D956A296CB6030097CD03 /* OnboardingReInviteFamilyViewController.swift in Sources */,
				D26C8612296B7CA500AEAF9B /* OnboardingRegisterPetView.swift in Sources */,
				D23502F129619D4700F01101 /* PetCollectionViewCell.swift in Sources */,
				D23502EC296197C700F01101 /* PetCollectionView.swift in Sources */,
				8782C7EB296AC58B00C9324B /* HomeArchiveIndicatorView.swift in Sources */,
				877E57EE2966AAE6006D82FC /* HomeArchiveListCollectionViewCell.swift in Sources */,
				D26C8610296B761900AEAF9B /* OnboardingParticipateCompletedViewController.swift in Sources */,
				87A76AAD295F6EE70096F669 /* RescordAPI.swift in Sources */,
			);
			runOnlyForDeploymentPostprocessing = 0;
		};
/* End PBXSourcesBuildPhase section */

/* Begin PBXVariantGroup section */
		87B6624B29521E7600B6FFA9 /* LaunchScreen.storyboard */ = {
			isa = PBXVariantGroup;
			children = (
				87B6624C29521E7600B6FFA9 /* Base */,
			);
			name = LaunchScreen.storyboard;
			sourceTree = "<group>";
		};
/* End PBXVariantGroup section */

/* Begin XCBuildConfiguration section */
		87B6624F29521E7600B6FFA9 /* Debug */ = {
			isa = XCBuildConfiguration;
			buildSettings = {
				ALWAYS_SEARCH_USER_PATHS = NO;
				CLANG_ANALYZER_NONNULL = YES;
				CLANG_ANALYZER_NUMBER_OBJECT_CONVERSION = YES_AGGRESSIVE;
				CLANG_CXX_LANGUAGE_STANDARD = "gnu++20";
				CLANG_ENABLE_MODULES = YES;
				CLANG_ENABLE_OBJC_ARC = YES;
				CLANG_ENABLE_OBJC_WEAK = YES;
				CLANG_WARN_BLOCK_CAPTURE_AUTORELEASING = YES;
				CLANG_WARN_BOOL_CONVERSION = YES;
				CLANG_WARN_COMMA = YES;
				CLANG_WARN_CONSTANT_CONVERSION = YES;
				CLANG_WARN_DEPRECATED_OBJC_IMPLEMENTATIONS = YES;
				CLANG_WARN_DIRECT_OBJC_ISA_USAGE = YES_ERROR;
				CLANG_WARN_DOCUMENTATION_COMMENTS = YES;
				CLANG_WARN_EMPTY_BODY = YES;
				CLANG_WARN_ENUM_CONVERSION = YES;
				CLANG_WARN_INFINITE_RECURSION = YES;
				CLANG_WARN_INT_CONVERSION = YES;
				CLANG_WARN_NON_LITERAL_NULL_CONVERSION = YES;
				CLANG_WARN_OBJC_IMPLICIT_RETAIN_SELF = YES;
				CLANG_WARN_OBJC_LITERAL_CONVERSION = YES;
				CLANG_WARN_OBJC_ROOT_CLASS = YES_ERROR;
				CLANG_WARN_QUOTED_INCLUDE_IN_FRAMEWORK_HEADER = YES;
				CLANG_WARN_RANGE_LOOP_ANALYSIS = YES;
				CLANG_WARN_STRICT_PROTOTYPES = YES;
				CLANG_WARN_SUSPICIOUS_MOVE = YES;
				CLANG_WARN_UNGUARDED_AVAILABILITY = YES_AGGRESSIVE;
				CLANG_WARN_UNREACHABLE_CODE = YES;
				CLANG_WARN__DUPLICATE_METHOD_MATCH = YES;
				COPY_PHASE_STRIP = NO;
				DEBUG_INFORMATION_FORMAT = dwarf;
				ENABLE_STRICT_OBJC_MSGSEND = YES;
				ENABLE_TESTABILITY = YES;
				GCC_C_LANGUAGE_STANDARD = gnu11;
				GCC_DYNAMIC_NO_PIC = NO;
				GCC_NO_COMMON_BLOCKS = YES;
				GCC_OPTIMIZATION_LEVEL = 0;
				GCC_PREPROCESSOR_DEFINITIONS = (
					"DEBUG=1",
					"$(inherited)",
				);
				GCC_WARN_64_TO_32_BIT_CONVERSION = YES;
				GCC_WARN_ABOUT_RETURN_TYPE = YES_ERROR;
				GCC_WARN_UNDECLARED_SELECTOR = YES;
				GCC_WARN_UNINITIALIZED_AUTOS = YES_AGGRESSIVE;
				GCC_WARN_UNUSED_FUNCTION = YES;
				GCC_WARN_UNUSED_VARIABLE = YES;
				IPHONEOS_DEPLOYMENT_TARGET = 13.0;
				MTL_ENABLE_DEBUG_INFO = INCLUDE_SOURCE;
				MTL_FAST_MATH = YES;
				ONLY_ACTIVE_ARCH = YES;
				SDKROOT = iphoneos;
				SWIFT_ACTIVE_COMPILATION_CONDITIONS = DEBUG;
				SWIFT_OPTIMIZATION_LEVEL = "-Onone";
			};
			name = Debug;
		};
		87B6625029521E7600B6FFA9 /* Release */ = {
			isa = XCBuildConfiguration;
			buildSettings = {
				ALWAYS_SEARCH_USER_PATHS = NO;
				CLANG_ANALYZER_NONNULL = YES;
				CLANG_ANALYZER_NUMBER_OBJECT_CONVERSION = YES_AGGRESSIVE;
				CLANG_CXX_LANGUAGE_STANDARD = "gnu++20";
				CLANG_ENABLE_MODULES = YES;
				CLANG_ENABLE_OBJC_ARC = YES;
				CLANG_ENABLE_OBJC_WEAK = YES;
				CLANG_WARN_BLOCK_CAPTURE_AUTORELEASING = YES;
				CLANG_WARN_BOOL_CONVERSION = YES;
				CLANG_WARN_COMMA = YES;
				CLANG_WARN_CONSTANT_CONVERSION = YES;
				CLANG_WARN_DEPRECATED_OBJC_IMPLEMENTATIONS = YES;
				CLANG_WARN_DIRECT_OBJC_ISA_USAGE = YES_ERROR;
				CLANG_WARN_DOCUMENTATION_COMMENTS = YES;
				CLANG_WARN_EMPTY_BODY = YES;
				CLANG_WARN_ENUM_CONVERSION = YES;
				CLANG_WARN_INFINITE_RECURSION = YES;
				CLANG_WARN_INT_CONVERSION = YES;
				CLANG_WARN_NON_LITERAL_NULL_CONVERSION = YES;
				CLANG_WARN_OBJC_IMPLICIT_RETAIN_SELF = YES;
				CLANG_WARN_OBJC_LITERAL_CONVERSION = YES;
				CLANG_WARN_OBJC_ROOT_CLASS = YES_ERROR;
				CLANG_WARN_QUOTED_INCLUDE_IN_FRAMEWORK_HEADER = YES;
				CLANG_WARN_RANGE_LOOP_ANALYSIS = YES;
				CLANG_WARN_STRICT_PROTOTYPES = YES;
				CLANG_WARN_SUSPICIOUS_MOVE = YES;
				CLANG_WARN_UNGUARDED_AVAILABILITY = YES_AGGRESSIVE;
				CLANG_WARN_UNREACHABLE_CODE = YES;
				CLANG_WARN__DUPLICATE_METHOD_MATCH = YES;
				COPY_PHASE_STRIP = NO;
				DEBUG_INFORMATION_FORMAT = "dwarf-with-dsym";
				ENABLE_NS_ASSERTIONS = NO;
				ENABLE_STRICT_OBJC_MSGSEND = YES;
				GCC_C_LANGUAGE_STANDARD = gnu11;
				GCC_NO_COMMON_BLOCKS = YES;
				GCC_WARN_64_TO_32_BIT_CONVERSION = YES;
				GCC_WARN_ABOUT_RETURN_TYPE = YES_ERROR;
				GCC_WARN_UNDECLARED_SELECTOR = YES;
				GCC_WARN_UNINITIALIZED_AUTOS = YES_AGGRESSIVE;
				GCC_WARN_UNUSED_FUNCTION = YES;
				GCC_WARN_UNUSED_VARIABLE = YES;
				IPHONEOS_DEPLOYMENT_TARGET = 13.0;
				MTL_ENABLE_DEBUG_INFO = NO;
				MTL_FAST_MATH = YES;
				SDKROOT = iphoneos;
				SWIFT_COMPILATION_MODE = wholemodule;
				SWIFT_OPTIMIZATION_LEVEL = "-O";
				VALIDATE_PRODUCT = YES;
			};
			name = Release;
		};
		87B6625229521E7600B6FFA9 /* Debug */ = {
			isa = XCBuildConfiguration;
			buildSettings = {
				ASSETCATALOG_COMPILER_APPICON_NAME = AppIcon;
				ASSETCATALOG_COMPILER_GLOBAL_ACCENT_COLOR_NAME = AccentColor;
				BASE_URL = "http://3.36.236.44:3000";
				CODE_SIGN_STYLE = Automatic;
				CURRENT_PROJECT_VERSION = 1;
				DEVELOPMENT_TEAM = T6DNHAHXG9;
				GENERATE_INFOPLIST_FILE = YES;
				INFOPLIST_FILE = ZOOC/Application/Info.plist;
				INFOPLIST_KEY_LSApplicationCategoryType = "public.app-category.lifestyle";
				INFOPLIST_KEY_UIApplicationSupportsIndirectInputEvents = YES;
				INFOPLIST_KEY_UILaunchStoryboardName = LaunchScreen;
				INFOPLIST_KEY_UIMainStoryboardFile = "";
				INFOPLIST_KEY_UIStatusBarStyle = "";
				INFOPLIST_KEY_UISupportedInterfaceOrientations = UIInterfaceOrientationPortrait;
				INFOPLIST_KEY_UISupportedInterfaceOrientations_iPad = "UIInterfaceOrientationLandscapeLeft UIInterfaceOrientationLandscapeRight UIInterfaceOrientationPortrait UIInterfaceOrientationPortraitUpsideDown";
				IPHONEOS_DEPLOYMENT_TARGET = 13.0;
				LD_RUNPATH_SEARCH_PATHS = (
					"$(inherited)",
					"@executable_path/Frameworks",
				);
				MARKETING_VERSION = 1.0;
				PRODUCT_BUNDLE_IDENTIFIER = com.meltsplit.ZOOC;
				PRODUCT_NAME = "$(TARGET_NAME)";
				SUPPORTED_PLATFORMS = "iphoneos iphonesimulator";
				SUPPORTS_MACCATALYST = NO;
				SUPPORTS_MAC_DESIGNED_FOR_IPHONE_IPAD = NO;
				SWIFT_EMIT_LOC_STRINGS = YES;
				SWIFT_VERSION = 5.0;
				TARGETED_DEVICE_FAMILY = 1;
			};
			name = Debug;
		};
		87B6625329521E7600B6FFA9 /* Release */ = {
			isa = XCBuildConfiguration;
			buildSettings = {
				ASSETCATALOG_COMPILER_APPICON_NAME = AppIcon;
				ASSETCATALOG_COMPILER_GLOBAL_ACCENT_COLOR_NAME = AccentColor;
				BASE_URL = "http://3.36.236.44:3000";
				CODE_SIGN_STYLE = Automatic;
				CURRENT_PROJECT_VERSION = 1;
				DEVELOPMENT_TEAM = T6DNHAHXG9;
				GENERATE_INFOPLIST_FILE = YES;
				INFOPLIST_FILE = ZOOC/Application/Info.plist;
				INFOPLIST_KEY_LSApplicationCategoryType = "public.app-category.lifestyle";
				INFOPLIST_KEY_UIApplicationSupportsIndirectInputEvents = YES;
				INFOPLIST_KEY_UILaunchStoryboardName = LaunchScreen;
				INFOPLIST_KEY_UIMainStoryboardFile = "";
				INFOPLIST_KEY_UIStatusBarStyle = "";
				INFOPLIST_KEY_UISupportedInterfaceOrientations = UIInterfaceOrientationPortrait;
				INFOPLIST_KEY_UISupportedInterfaceOrientations_iPad = "UIInterfaceOrientationLandscapeLeft UIInterfaceOrientationLandscapeRight UIInterfaceOrientationPortrait UIInterfaceOrientationPortraitUpsideDown";
				IPHONEOS_DEPLOYMENT_TARGET = 13.0;
				LD_RUNPATH_SEARCH_PATHS = (
					"$(inherited)",
					"@executable_path/Frameworks",
				);
				MARKETING_VERSION = 1.0;
				PRODUCT_BUNDLE_IDENTIFIER = com.meltsplit.ZOOC;
				PRODUCT_NAME = "$(TARGET_NAME)";
				SUPPORTED_PLATFORMS = "iphoneos iphonesimulator";
				SUPPORTS_MACCATALYST = NO;
				SUPPORTS_MAC_DESIGNED_FOR_IPHONE_IPAD = NO;
				SWIFT_EMIT_LOC_STRINGS = YES;
				SWIFT_VERSION = 5.0;
				TARGETED_DEVICE_FAMILY = 1;
			};
			name = Release;
		};
/* End XCBuildConfiguration section */

/* Begin XCConfigurationList section */
		87B6623829521E7500B6FFA9 /* Build configuration list for PBXProject "ZOOC" */ = {
			isa = XCConfigurationList;
			buildConfigurations = (
				87B6624F29521E7600B6FFA9 /* Debug */,
				87B6625029521E7600B6FFA9 /* Release */,
			);
			defaultConfigurationIsVisible = 0;
			defaultConfigurationName = Release;
		};
		87B6625129521E7600B6FFA9 /* Build configuration list for PBXNativeTarget "ZOOC" */ = {
			isa = XCConfigurationList;
			buildConfigurations = (
				87B6625229521E7600B6FFA9 /* Debug */,
				87B6625329521E7600B6FFA9 /* Release */,
			);
			defaultConfigurationIsVisible = 0;
			defaultConfigurationName = Release;
		};
/* End XCConfigurationList section */

/* Begin XCRemoteSwiftPackageReference section */
		8764833029523BBD00F74882 /* XCRemoteSwiftPackageReference "SnapKit" */ = {
			isa = XCRemoteSwiftPackageReference;
			repositoryURL = "https://github.com/SnapKit/SnapKit";
			requirement = {
				branch = develop;
				kind = branch;
			};
		};
		8764833329523BCA00F74882 /* XCRemoteSwiftPackageReference "Then" */ = {
			isa = XCRemoteSwiftPackageReference;
			repositoryURL = "https://github.com/devxoul/Then";
			requirement = {
				branch = master;
				kind = branch;
			};
		};
		8764833629523BEE00F74882 /* XCRemoteSwiftPackageReference "Moya" */ = {
			isa = XCRemoteSwiftPackageReference;
			repositoryURL = "https://github.com/Moya/Moya";
			requirement = {
				kind = upToNextMajorVersion;
				minimumVersion = 15.0.0;
			};
		};
		8764833929523C0100F74882 /* XCRemoteSwiftPackageReference "Kingfisher" */ = {
			isa = XCRemoteSwiftPackageReference;
			repositoryURL = "https://github.com/onevcat/Kingfisher.git";
			requirement = {
				branch = master;
				kind = branch;
			};
		};
		8782C7DB29685D7F00C9324B /* XCRemoteSwiftPackageReference "firebase-ios-sdk" */ = {
			isa = XCRemoteSwiftPackageReference;
			repositoryURL = "https://github.com/firebase/firebase-ios-sdk";
			requirement = {
				kind = upToNextMajorVersion;
				minimumVersion = 9.0.0;
			};
		};
		87A76AB4295F760C0096F669 /* XCRemoteSwiftPackageReference "kakao-ios-sdk" */ = {
			isa = XCRemoteSwiftPackageReference;
			repositoryURL = "https://github.com/kakao/kakao-ios-sdk";
			requirement = {
				kind = upToNextMajorVersion;
				minimumVersion = 2.0.0;
			};
		};
/* End XCRemoteSwiftPackageReference section */

/* Begin XCSwiftPackageProductDependency section */
		8764833129523BBD00F74882 /* SnapKit */ = {
			isa = XCSwiftPackageProductDependency;
			package = 8764833029523BBD00F74882 /* XCRemoteSwiftPackageReference "SnapKit" */;
			productName = SnapKit;
		};
		8764833429523BCA00F74882 /* Then */ = {
			isa = XCSwiftPackageProductDependency;
			package = 8764833329523BCA00F74882 /* XCRemoteSwiftPackageReference "Then" */;
			productName = Then;
		};
		8764833729523BEE00F74882 /* Moya */ = {
			isa = XCSwiftPackageProductDependency;
			package = 8764833629523BEE00F74882 /* XCRemoteSwiftPackageReference "Moya" */;
			productName = Moya;
		};
		8764833A29523C0100F74882 /* Kingfisher */ = {
			isa = XCSwiftPackageProductDependency;
			package = 8764833929523C0100F74882 /* XCRemoteSwiftPackageReference "Kingfisher" */;
			productName = Kingfisher;
		};
		8782C7D9296857A600C9324B /* KakaoSDKShare */ = {
			isa = XCSwiftPackageProductDependency;
			package = 87A76AB4295F760C0096F669 /* XCRemoteSwiftPackageReference "kakao-ios-sdk" */;
			productName = KakaoSDKShare;
		};
		8782C7DC29685D7F00C9324B /* FirebaseAuth */ = {
			isa = XCSwiftPackageProductDependency;
			package = 8782C7DB29685D7F00C9324B /* XCRemoteSwiftPackageReference "firebase-ios-sdk" */;
			productName = FirebaseAuth;
		};
		8782C7DE29685D7F00C9324B /* FirebaseFirestore */ = {
			isa = XCSwiftPackageProductDependency;
			package = 8782C7DB29685D7F00C9324B /* XCRemoteSwiftPackageReference "firebase-ios-sdk" */;
			productName = FirebaseFirestore;
		};
		8782C7E029685D7F00C9324B /* FirebaseMessaging */ = {
			isa = XCSwiftPackageProductDependency;
			package = 8782C7DB29685D7F00C9324B /* XCRemoteSwiftPackageReference "firebase-ios-sdk" */;
			productName = FirebaseMessaging;
		};
		87A76AB5295F760C0096F669 /* KakaoSDKAuth */ = {
			isa = XCSwiftPackageProductDependency;
			package = 87A76AB4295F760C0096F669 /* XCRemoteSwiftPackageReference "kakao-ios-sdk" */;
			productName = KakaoSDKAuth;
		};
		87A76AB7295F760C0096F669 /* KakaoSDKCommon */ = {
			isa = XCSwiftPackageProductDependency;
			package = 87A76AB4295F760C0096F669 /* XCRemoteSwiftPackageReference "kakao-ios-sdk" */;
			productName = KakaoSDKCommon;
		};
		87A76AB9295F760C0096F669 /* KakaoSDKUser */ = {
			isa = XCSwiftPackageProductDependency;
			package = 87A76AB4295F760C0096F669 /* XCRemoteSwiftPackageReference "kakao-ios-sdk" */;
			productName = KakaoSDKUser;
		};
/* End XCSwiftPackageProductDependency section */
	};
	rootObject = 87B6623529521E7500B6FFA9 /* Project object */;
}
